<?xml version="1.0" encoding="utf-8"?>
<Project ToolsVersion="4.0" xmlns="http://schemas.microsoft.com/developer/msbuild/2003">
  <ItemGroup>
    <Filter Include="Source Files">
      <UniqueIdentifier>{29b97673-a815-402d-bafd-ae41b5a539b5}</UniqueIdentifier>
      <Extensions>cpp;c;cxx;rc;def;r;odl;idl;hpj;bat</Extensions>
    </Filter>
    <Filter Include="Header Files">
      <UniqueIdentifier>{a0b35034-9d97-4196-b696-c4c6d5b49367}</UniqueIdentifier>
      <Extensions>h;hpp;hxx;hm;inl</Extensions>
    </Filter>
    <Filter Include="Resource Files">
      <UniqueIdentifier>{ce409f35-1bf0-4b50-aa67-cd8e07b6888d}</UniqueIdentifier>
      <Extensions>ico;cur;bmp;dlg;rc2;rct;bin;cnt;rtf;gif;jpg;jpeg;jpe</Extensions>
    </Filter>
  </ItemGroup>
  <ItemGroup>
    <ClCompile Include="ContrastDlg.cpp">
      <Filter>Source Files</Filter>
    </ClCompile>
    <ClCompile Include="CropFilterDlg.cpp">
      <Filter>Source Files</Filter>
    </ClCompile>
    <ClCompile Include="DibCtl.cpp">
      <Filter>Source Files</Filter>
    </ClCompile>
    <ClCompile Include="DitherDialog.cpp">
      <Filter>Source Files</Filter>
    </ClCompile>
    <ClCompile Include="Doc.cpp">
      <Filter>Source Files</Filter>
    </ClCompile>
    <ClCompile Include="DocMan.cpp">
      <Filter>Source Files</Filter>
    </ClCompile>
    <ClCompile Include="FilterDialog.cpp">
      <Filter>Source Files</Filter>
    </ClCompile>
    <ClCompile Include="IntensityDlg.cpp">
      <Filter>Source Files</Filter>
    </ClCompile>
    <ClCompile Include="LightnessDlg.cpp">
      <Filter>Source Files</Filter>
    </ClCompile>
    <ClCompile Include="MainFrm.cpp">
      <Filter>Source Files</Filter>
    </ClCompile>
    <ClCompile Include="PalViewDlg.cpp">
      <Filter>Source Files</Filter>
    </ClCompile>
    <ClCompile Include="piclook.cpp">
      <Filter>Source Files</Filter>
    </ClCompile>
    <ClCompile Include="PreView.cpp">
      <Filter>Source Files</Filter>
    </ClCompile>
    <ClCompile Include="StdAfx.cpp">
      <Filter>Source Files</Filter>
    </ClCompile>
    <ClCompile Include="ThresholdDlg.cpp">
      <Filter>Source Files</Filter>
    </ClCompile>
    <ClCompile Include="View.cpp">
      <Filter>Source Files</Filter>
    </ClCompile>
    <ClCompile Include="WinBmpEx.cpp">
      <Filter>Source Files</Filter>
    </ClCompile>
    <ClCompile Include="ZoomView.cpp">
      <Filter>Source Files</Filter>
    </ClCompile>
  </ItemGroup>
  <ItemGroup>
    <ResourceCompile Include="piclook.rc">
      <Filter>Source Files</Filter>
    </ResourceCompile>
  </ItemGroup>
  <ItemGroup>
    <ClInclude Include="ContrastDlg.h">
      <Filter>Header Files</Filter>
    </ClInclude>
    <ClInclude Include="CropFilterDlg.h">
      <Filter>Header Files</Filter>
    </ClInclude>
    <ClInclude Include="DibCtl.h">
      <Filter>Header Files</Filter>
    </ClInclude>
    <ClInclude Include="DitherDialog.h">
      <Filter>Header Files</Filter>
    </ClInclude>
    <ClInclude Include="Doc.h">
      <Filter>Header Files</Filter>
    </ClInclude>
    <ClInclude Include="DocMan.h">
      <Filter>Header Files</Filter>
    </ClInclude>
    <ClInclude Include="FilterDialog.h">
      <Filter>Header Files</Filter>
    </ClInclude>
    <ClInclude Include="IntensityDlg.h">
      <Filter>Header Files</Filter>
    </ClInclude>
    <ClInclude Include="LightnessDlg.h">
      <Filter>Header Files</Filter>
    </ClInclude>
    <ClInclude Include="MainFrm.h">
      <Filter>Header Files</Filter>
    </ClInclude>
    <ClInclude Include="PalViewDlg.h">
      <Filter>Header Files</Filter>
    </ClInclude>
    <ClInclude Include="piclook.h">
      <Filter>Header Files</Filter>
    </ClInclude>
    <ClInclude Include="PreView.h">
      <Filter>Header Files</Filter>
    </ClInclude>
    <ClInclude Include="Resource.h">
      <Filter>Header Files</Filter>
    </ClInclude>
    <ClInclude Include="StdAfx.h">
      <Filter>Header Files</Filter>
    </ClInclude>
    <ClInclude Include="ThresholdDlg.h">
      <Filter>Header Files</Filter>
    </ClInclude>
    <ClInclude Include="View.h">
      <Filter>Header Files</Filter>
    </ClInclude>
    <ClInclude Include="WinBmpEx.h">
      <Filter>Header Files</Filter>
    </ClInclude>
    <ClInclude Include="ZoomView.h">
      <Filter>Header Files</Filter>
    </ClInclude>
  </ItemGroup>
  <ItemGroup>
    <Image Include="res\Afx.ico">
      <Filter>Resource Files</Filter>
    </Image>
    <Image Include="res\bitmap1.bmp">
      <Filter>Resource Files</Filter>
    </Image>
    <Image Include="res\bmp00001.bmp">
      <Filter>Resource Files</Filter>
    </Image>
    <Image Include="res\bmp00002.bmp">
      <Filter>Resource Files</Filter>
    </Image>
    <Image Include="res\COLR.ICO">
      <Filter>Resource Files</Filter>
    </Image>
    <Image Include="res\DILYS.ICO">
      <Filter>Resource Files</Filter>
    </Image>
    <Image Include="res\icon1.ico">
      <Filter>Resource Files</Filter>
    </Image>
    <Image Include="res\IDR_BMPT.ICO">
      <Filter>Resource Files</Filter>
    </Image>
    <Image Include="res\idr_main.ico">
      <Filter>Resource Files</Filter>
    </Image>
    <Image Include="res\IDR_TIFT.ICO">
      <Filter>Resource Files</Filter>
    </Image>
    <Image Include="res\logo.bmp">
      <Filter>Resource Files</Filter>
    </Image>
    <Image Include="res\mainfram.bmp">
      <Filter>Resource Files</Filter>
    </Image>
    <Image Include="res\piclook.ico">
      <Filter>Resource Files</Filter>
    </Image>
    <Image Include="res\Toolbar.bmp">
      <Filter>Resource Files</Filter>
    </Image>
  </ItemGroup>
  <ItemGroup>
    <None Include="res\cur00001.cur">
      <Filter>Resource Files</Filter>
    </None>
    <None Include="res\cursor2.cur">
      <Filter>Resource Files</Filter>
    </None>
    <None Include="Res\H_point.cur">
      <Filter>Resource Files</Filter>
    </None>
    <None Include="res\Magnify.cur">
      <Filter>Resource Files</Filter>
    </None>
    <None Include="res\piclook.rc2">
      <Filter>Resource Files</Filter>
    </None>
    <None Include="readme.htm" />
  </ItemGroup>
</Project>