<?xml version="1.0" encoding="utf-8"?>
<Project ToolsVersion="4.0" xmlns="http://schemas.microsoft.com/developer/msbuild/2003">
  <ItemGroup>
    <Filter Include="Source Files">
      <UniqueIdentifier>{c9ff4c35-86d3-4921-b22e-ddff2e5d2703}</UniqueIdentifier>
      <Extensions>cpp;c;cxx;def;odl;idl;hpj;bat;asm</Extensions>
    </Filter>
    <Filter Include="Header Files">
      <UniqueIdentifier>{0567bc78-f836-4bbd-ae09-03d3fcacdbed}</UniqueIdentifier>
      <Extensions>h;hpp;hxx;hm;inl;inc</Extensions>
    </Filter>
    <Filter Include="Resource Files">
      <UniqueIdentifier>{1e5f053d-dbe2-4ea2-80d5-a3b8be49eb84}</UniqueIdentifier>
      <Extensions>rc;ico;cur;bmp;dlg;rc2;rct;bin;rgs;gif;jpg;jpeg;jpe</Extensions>
    </Filter>
  </ItemGroup>
  <ItemGroup>
    <ClCompile Include="..\..\otherlib\libcurl\lib\base64.c">
      <Filter>Source Files</Filter>
    </ClCompile>
    <ClCompile Include="..\..\otherlib\libcurl\lib\connect.c">
      <Filter>Source Files</Filter>
    </ClCompile>
    <ClCompile Include="..\..\otherlib\libcurl\lib\cookie.c">
      <Filter>Source Files</Filter>
    </ClCompile>
    <ClCompile Include="..\..\otherlib\libcurl\lib\dict.c">
      <Filter>Source Files</Filter>
    </ClCompile>
    <ClCompile Include="..\..\otherlib\libcurl\lib\easy.c">
      <Filter>Source Files</Filter>
    </ClCompile>
    <ClCompile Include="..\..\otherlib\libcurl\lib\escape.c">
      <Filter>Source Files</Filter>
    </ClCompile>
    <ClCompile Include="..\..\otherlib\libcurl\lib\file.c">
      <Filter>Source Files</Filter>
    </ClCompile>
    <ClCompile Include="..\..\otherlib\libcurl\lib\formdata.c">
      <Filter>Source Files</Filter>
    </ClCompile>
    <ClCompile Include="..\..\otherlib\libcurl\lib\ftp.c">
      <Filter>Source Files</Filter>
    </ClCompile>
    <ClCompile Include="..\..\otherlib\libcurl\lib\getdate.c">
      <Filter>Source Files</Filter>
    </ClCompile>
    <ClCompile Include="..\..\otherlib\libcurl\lib\getenv.c">
      <Filter>Source Files</Filter>
    </ClCompile>
    <ClCompile Include="..\..\otherlib\libcurl\lib\getinfo.c">
      <Filter>Source Files</Filter>
    </ClCompile>
    <ClCompile Include="..\..\otherlib\libcurl\lib\hash.c">
      <Filter>Source Files</Filter>
    </ClCompile>
    <ClCompile Include="..\..\otherlib\libcurl\lib\hostip.c">
      <Filter>Source Files</Filter>
    </ClCompile>
    <ClCompile Include="..\..\otherlib\libcurl\lib\http.c">
      <Filter>Source Files</Filter>
    </ClCompile>
    <ClCompile Include="..\..\otherlib\libcurl\lib\http_chunks.c">
      <Filter>Source Files</Filter>
    </ClCompile>
    <ClCompile Include="..\..\otherlib\libcurl\lib\http_digest.c">
      <Filter>Source Files</Filter>
    </ClCompile>
    <ClCompile Include="..\..\otherlib\libcurl\lib\if2ip.c">
      <Filter>Source Files</Filter>
    </ClCompile>
    <ClCompile Include="..\..\otherlib\libcurl\lib\krb4.c">
      <Filter>Source Files</Filter>
    </ClCompile>
    <ClCompile Include="..\..\otherlib\libcurl\lib\ldap.c">
      <Filter>Source Files</Filter>
    </ClCompile>
    <ClCompile Include="..\..\otherlib\libcurl\lib\llist.c">
      <Filter>Source Files</Filter>
    </ClCompile>
    <ClCompile Include="..\..\otherlib\libcurl\lib\md5.c">
      <Filter>Source Files</Filter>
    </ClCompile>
    <ClCompile Include="..\..\otherlib\libcurl\lib\memdebug.c">
      <Filter>Source Files</Filter>
    </ClCompile>
    <ClCompile Include="..\..\otherlib\libcurl\lib\mprintf.c">
      <Filter>Source Files</Filter>
    </ClCompile>
    <ClCompile Include="..\..\otherlib\libcurl\lib\multi.c">
      <Filter>Source Files</Filter>
    </ClCompile>
    <ClCompile Include="..\..\otherlib\libcurl\lib\netrc.c">
      <Filter>Source Files</Filter>
    </ClCompile>
    <ClCompile Include="..\..\otherlib\libcurl\lib\progress.c">
      <Filter>Source Files</Filter>
    </ClCompile>
    <ClCompile Include="..\..\otherlib\libcurl\lib\security.c">
      <Filter>Source Files</Filter>
    </ClCompile>
    <ClCompile Include="..\..\otherlib\libcurl\lib\sendf.c">
      <Filter>Source Files</Filter>
    </ClCompile>
    <ClCompile Include="..\..\otherlib\libcurl\lib\share.c">
      <Filter>Source Files</Filter>
    </ClCompile>
    <ClCompile Include="..\..\otherlib\libcurl\lib\speedcheck.c">
      <Filter>Source Files</Filter>
    </ClCompile>
    <ClCompile Include="..\..\otherlib\libcurl\lib\ssluse.c">
      <Filter>Source Files</Filter>
    </ClCompile>
    <ClCompile Include="..\..\otherlib\libcurl\lib\strequal.c">
      <Filter>Source Files</Filter>
    </ClCompile>
    <ClCompile Include="..\..\otherlib\libcurl\lib\strtok.c">
      <Filter>Source Files</Filter>
    </ClCompile>
    <ClCompile Include="..\..\otherlib\libcurl\lib\telnet.c">
      <Filter>Source Files</Filter>
    </ClCompile>
    <ClCompile Include="..\..\otherlib\libcurl\lib\timeval.c">
      <Filter>Source Files</Filter>
    </ClCompile>
    <ClCompile Include="..\..\otherlib\libcurl\lib\transfer.c">
      <Filter>Source Files</Filter>
    </ClCompile>
    <ClCompile Include="..\..\otherlib\libcurl\lib\url.c">
      <Filter>Source Files</Filter>
    </ClCompile>
    <ClCompile Include="..\..\otherlib\libcurl\lib\version.c">
      <Filter>Source Files</Filter>
    </ClCompile>
  </ItemGroup>
  <ItemGroup>
    <ClInclude Include="..\..\otherlib\libcurl\lib\arpa_telnet.h">
      <Filter>Header Files</Filter>
    </ClInclude>
    <ClInclude Include="..\..\otherlib\libcurl\lib\base64.h">
      <Filter>Header Files</Filter>
    </ClInclude>
    <ClInclude Include="..\..\otherlib\libcurl\lib\connect.h">
      <Filter>Header Files</Filter>
    </ClInclude>
    <ClInclude Include="..\..\otherlib\libcurl\lib\cookie.h">
      <Filter>Header Files</Filter>
    </ClInclude>
    <ClInclude Include="..\..\otherlib\libcurl\lib\dict.h">
      <Filter>Header Files</Filter>
    </ClInclude>
    <ClInclude Include="..\..\otherlib\libcurl\lib\escape.h">
      <Filter>Header Files</Filter>
    </ClInclude>
    <ClInclude Include="..\..\otherlib\libcurl\lib\file.h">
      <Filter>Header Files</Filter>
    </ClInclude>
    <ClInclude Include="..\..\otherlib\libcurl\lib\formdata.h">
      <Filter>Header Files</Filter>
    </ClInclude>
    <ClInclude Include="..\..\otherlib\libcurl\lib\ftp.h">
      <Filter>Header Files</Filter>
    </ClInclude>
    <ClInclude Include="..\..\otherlib\libcurl\lib\getdate.h">
      <Filter>Header Files</Filter>
    </ClInclude>
    <ClInclude Include="..\..\otherlib\libcurl\lib\getinfo.h">
      <Filter>Header Files</Filter>
    </ClInclude>
    <ClInclude Include="..\..\otherlib\libcurl\lib\hash.h">
      <Filter>Header Files</Filter>
    </ClInclude>
    <ClInclude Include="..\..\otherlib\libcurl\lib\hostip.h">
      <Filter>Header Files</Filter>
    </ClInclude>
    <ClInclude Include="..\..\otherlib\libcurl\lib\http.h">
      <Filter>Header Files</Filter>
    </ClInclude>
    <ClInclude Include="..\..\otherlib\libcurl\lib\http_chunks.h">
      <Filter>Header Files</Filter>
    </ClInclude>
    <ClInclude Include="..\..\otherlib\libcurl\lib\http_digest.h">
      <Filter>Header Files</Filter>
    </ClInclude>
    <ClInclude Include="..\..\otherlib\libcurl\lib\if2ip.h">
      <Filter>Header Files</Filter>
    </ClInclude>
    <ClInclude Include="..\..\otherlib\libcurl\lib\inet_ntoa_r.h">
      <Filter>Header Files</Filter>
    </ClInclude>
    <ClInclude Include="..\..\otherlib\libcurl\lib\krb4.h">
      <Filter>Header Files</Filter>
    </ClInclude>
    <ClInclude Include="..\..\otherlib\libcurl\lib\ldap.h">
      <Filter>Header Files</Filter>
    </ClInclude>
    <ClInclude Include="..\..\otherlib\libcurl\lib\llist.h">
      <Filter>Header Files</Filter>
    </ClInclude>
    <ClInclude Include="..\..\otherlib\libcurl\lib\md5.h">
      <Filter>Header Files</Filter>
    </ClInclude>
    <ClInclude Include="..\..\otherlib\libcurl\lib\memdebug.h">
      <Filter>Header Files</Filter>
    </ClInclude>
    <ClInclude Include="..\..\otherlib\libcurl\lib\netrc.h">
      <Filter>Header Files</Filter>
    </ClInclude>
    <ClInclude Include="..\..\otherlib\libcurl\lib\progress.h">
      <Filter>Header Files</Filter>
    </ClInclude>
    <ClInclude Include="..\..\otherlib\libcurl\lib\security.h">
      <Filter>Header Files</Filter>
    </ClInclude>
    <ClInclude Include="..\..\otherlib\libcurl\lib\sendf.h">
      <Filter>Header Files</Filter>
    </ClInclude>
    <ClInclude Include="..\..\otherlib\libcurl\lib\share.h">
      <Filter>Header Files</Filter>
    </ClInclude>
    <ClInclude Include="..\..\otherlib\libcurl\lib\speedcheck.h">
      <Filter>Header Files</Filter>
    </ClInclude>
    <ClInclude Include="..\..\otherlib\libcurl\lib\ssluse.h">
      <Filter>Header Files</Filter>
    </ClInclude>
    <ClInclude Include="..\..\otherlib\libcurl\lib\strequal.h">
      <Filter>Header Files</Filter>
    </ClInclude>
    <ClInclude Include="..\..\otherlib\libcurl\lib\strtok.h">
      <Filter>Header Files</Filter>
    </ClInclude>
    <ClInclude Include="..\..\otherlib\libcurl\lib\telnet.h">
      <Filter>Header Files</Filter>
    </ClInclude>
    <ClInclude Include="..\..\otherlib\libcurl\lib\timeval.h">
      <Filter>Header Files</Filter>
    </ClInclude>
    <ClInclude Include="..\..\otherlib\libcurl\lib\transfer.h">
      <Filter>Header Files</Filter>
    </ClInclude>
    <ClInclude Include="..\..\otherlib\libcurl\lib\url.h">
      <Filter>Header Files</Filter>
    </ClInclude>
  </ItemGroup>
</Project>