<?xml version="1.0" encoding="utf-8"?>
<Project ToolsVersion="4.0" xmlns="http://schemas.microsoft.com/developer/msbuild/2003">
  <ItemGroup>
    <Filter Include="Source Files">
      <UniqueIdentifier>{219c8bed-0a4a-4e0a-95cc-837b9eee5a07}</UniqueIdentifier>
      <Extensions>cpp;c;cxx;rc;def;r;odl;idl;hpj;bat</Extensions>
    </Filter>
    <Filter Include="Source Files\Grammar">
      <UniqueIdentifier>{95b5d8d2-308c-4e4c-bff3-211039a0f9a5}</UniqueIdentifier>
    </Filter>
    <Filter Include="Header Files">
      <UniqueIdentifier>{c052c0e1-60df-4227-8b0b-30b5ca64e1eb}</UniqueIdentifier>
      <Extensions>h;hpp;hxx;hm;inl</Extensions>
    </Filter>
    <Filter Include="Resource Files">
      <UniqueIdentifier>{32472374-e46c-46db-85ef-c20f64ff6b8e}</UniqueIdentifier>
      <Extensions>ico;cur;bmp;dlg;rc2;rct;bin;rgs;gif;jpg;jpeg;jpe</Extensions>
    </Filter>
  </ItemGroup>
  <ItemGroup>
    <Text Include="sql.txt">
      <Filter>Source Files\Grammar</Filter>
    </Text>
  </ItemGroup>
  <ItemGroup>
    <ClCompile Include="Parsertree.cpp">
      <Filter>Source Files</Filter>
    </ClCompile>
    <ClCompile Include="sprinttree.cpp">
      <Filter>Source Files</Filter>
    </ClCompile>
    <ClCompile Include="sqlbeauty.cpp">
      <Filter>Source Files</Filter>
    </ClCompile>
    <ClCompile Include="SqlLex.cpp">
      <Filter>Source Files</Filter>
    </ClCompile>
    <ClCompile Include="SqlTables.cpp">
      <Filter>Source Files</Filter>
    </ClCompile>
    <ClCompile Include="StdAfx.cpp">
      <Filter>Source Files</Filter>
    </ClCompile>
  </ItemGroup>
  <ItemGroup>
    <ClInclude Include="Parsertree.h">
      <Filter>Header Files</Filter>
    </ClInclude>
    <ClInclude Include="sqllex.h">
      <Filter>Header Files</Filter>
    </ClInclude>
    <ClInclude Include="sqlparser.h">
      <Filter>Header Files</Filter>
    </ClInclude>
    <ClInclude Include="sqlsymbol.h">
      <Filter>Header Files</Filter>
    </ClInclude>
    <ClInclude Include="StdAfx.h">
      <Filter>Header Files</Filter>
    </ClInclude>
    <ClInclude Include="targetver.h">
      <Filter>Header Files</Filter>
    </ClInclude>
  </ItemGroup>
  <ItemGroup>
    <CustomBuild Include="SQL.LEX">
      <Filter>Source Files\Grammar</Filter>
    </CustomBuild>
    <CustomBuild Include="sql.y">
      <Filter>Source Files\Grammar</Filter>
    </CustomBuild>
  </ItemGroup>
</Project>