<?xml version="1.0" encoding="utf-8"?>
<Project ToolsVersion="4.0" xmlns="http://schemas.microsoft.com/developer/msbuild/2003">
  <ItemGroup>
    <Filter Include="Source Files">
      <UniqueIdentifier>{4FC737F1-C7A5-4376-A066-2A32D752A2FF}</UniqueIdentifier>
      <Extensions>cpp;c;cc;cxx;def;odl;idl;hpj;bat;asm;asmx</Extensions>
    </Filter>
    <Filter Include="Header Files">
      <UniqueIdentifier>{93995380-89BD-4b04-88EB-625FBE52EBFB}</UniqueIdentifier>
      <Extensions>h;hh;hpp;hxx;hm;inl;inc;xsd</Extensions>
    </Filter>
    <Filter Include="Resource Files">
      <UniqueIdentifier>{67DA6AB6-F800-4c08-8B7A-83BB121AAD01}</UniqueIdentifier>
      <Extensions>rc;ico;cur;bmp;dlg;rc2;rct;bin;rgs;gif;jpg;jpeg;jpe;resx;tiff;tif;png;wav;mfcribbon-ms</Extensions>
    </Filter>
    <Filter Include="Source Files\KeyWordHandles">
      <UniqueIdentifier>{6993516d-2c03-4b5a-9e11-a9cb1198826a}</UniqueIdentifier>
    </Filter>
  </ItemGroup>
  <ItemGroup>
    <ClInclude Include="stdafx.h">
      <Filter>Header Files</Filter>
    </ClInclude>
    <ClInclude Include="targetver.h">
      <Filter>Header Files</Filter>
    </ClInclude>
    <ClInclude Include="Grammar.h">
      <Filter>Header Files</Filter>
    </ClInclude>
    <ClInclude Include="GrammarCode.h">
      <Filter>Header Files</Filter>
    </ClInclude>
    <ClInclude Include="GrammarParser.h">
      <Filter>Header Files</Filter>
    </ClInclude>
    <ClInclude Include="GrammarScanner.h">
      <Filter>Header Files</Filter>
    </ClInclude>
    <ClInclude Include="resource.h">
      <Filter>Header Files</Filter>
    </ClInclude>
    <ClInclude Include="StringCollector.h">
      <Filter>Header Files</Filter>
    </ClInclude>
    <ClInclude Include="TemplateWriter.h">
      <Filter>Header Files</Filter>
    </ClInclude>
    <ClInclude Include="Wizard.h">
      <Filter>Header Files</Filter>
    </ClInclude>
    <ClInclude Include="CompressedActionMatrixCpp.h">
      <Filter>Header Files</Filter>
    </ClInclude>
    <ClInclude Include="GrammarTables.h">
      <Filter>Header Files</Filter>
    </ClInclude>
    <ClInclude Include="ByteCount.h">
      <Filter>Header Files</Filter>
    </ClInclude>
    <ClInclude Include="SourceText.h">
      <Filter>Header Files</Filter>
    </ClInclude>
    <ClInclude Include="StateActionInfo.h">
      <Filter>Header Files</Filter>
    </ClInclude>
    <ClInclude Include="CompressEncoding.h">
      <Filter>Header Files</Filter>
    </ClInclude>
  </ItemGroup>
  <ItemGroup>
    <ClCompile Include="stdafx.cpp">
      <Filter>Source Files</Filter>
    </ClCompile>
    <ClCompile Include="ParserGen.cpp">
      <Filter>Source Files</Filter>
    </ClCompile>
    <ClCompile Include="Grammar.cpp">
      <Filter>Source Files</Filter>
    </ClCompile>
    <ClCompile Include="GrammarCode.cpp">
      <Filter>Source Files</Filter>
    </ClCompile>
    <ClCompile Include="GrammarParser.cpp">
      <Filter>Source Files</Filter>
    </ClCompile>
    <ClCompile Include="GrammarScanner.cpp">
      <Filter>Source Files</Filter>
    </ClCompile>
    <ClCompile Include="GrammarTables.cpp">
      <Filter>Source Files</Filter>
    </ClCompile>
    <ClCompile Include="GrammarTablesCpp.cpp">
      <Filter>Source Files</Filter>
    </ClCompile>
    <ClCompile Include="GrammarTablesJava.cpp">
      <Filter>Source Files</Filter>
    </ClCompile>
    <ClCompile Include="KeyWords.CPP">
      <Filter>Source Files</Filter>
    </ClCompile>
    <ClCompile Include="StringCollector.cpp">
      <Filter>Source Files</Filter>
    </ClCompile>
    <ClCompile Include="TemplateWriter.cpp">
      <Filter>Source Files</Filter>
    </ClCompile>
    <ClCompile Include="Wizard.cpp">
      <Filter>Source Files</Filter>
    </ClCompile>
    <ClCompile Include="CompressedActionMatrixCpp.cpp">
      <Filter>Source Files</Filter>
    </ClCompile>
    <ClCompile Include="ByteCount.cpp">
      <Filter>Source Files</Filter>
    </ClCompile>
    <ClCompile Include="ActionsWriter.cpp">
      <Filter>Source Files\KeyWordHandles</Filter>
    </ClCompile>
    <ClCompile Include="DocFileWriter.cpp">
      <Filter>Source Files\KeyWordHandles</Filter>
    </ClCompile>
    <ClCompile Include="SymbolsWriter.cpp">
      <Filter>Source Files\KeyWordHandles</Filter>
    </ClCompile>
    <ClCompile Include="TablesWriter.cpp">
      <Filter>Source Files\KeyWordHandles</Filter>
    </ClCompile>
    <ClCompile Include="StateActionInfo.cpp">
      <Filter>Source Files</Filter>
    </ClCompile>
    <ClCompile Include="CompressEncoding.cpp">
      <Filter>Source Files</Filter>
    </ClCompile>
    <ClCompile Include="ActionArray.cpp">
      <Filter>Source Files</Filter>
    </ClCompile>
  </ItemGroup>
  <ItemGroup>
    <ResourceCompile Include="ParserGen.rc">
      <Filter>Resource Files</Filter>
    </ResourceCompile>
  </ItemGroup>
  <ItemGroup>
    <None Include="..\lib\parsergen.wzr">
      <Filter>Resource Files</Filter>
    </None>
    <None Include="..\lib\parsergencpp.par">
      <Filter>Resource Files</Filter>
    </None>
    <None Include="..\lib\parsergencpp.wzr">
      <Filter>Resource Files</Filter>
    </None>
    <None Include="..\lib\parsergenJava.par">
      <Filter>Resource Files</Filter>
    </None>
  </ItemGroup>
</Project>