<?xml version="1.0" encoding="utf-8"?>
<Project ToolsVersion="14.0" xmlns="http://schemas.microsoft.com/developer/msbuild/2003">
  <ItemGroup>
    <Filter Include="Resource Files">
      <UniqueIdentifier>{67DA6AB6-F800-4c08-8B7A-83BB121AAD01}</UniqueIdentifier>
      <Extensions>rc;ico;cur;bmp;dlg;rc2;rct;bin;rgs;gif;jpg;jpeg;jpe;resx;tga;tiff;tif;png;wav;mfcribbon-ms</Extensions>
    </Filter>
    <Filter Include="Source Files">
      <UniqueIdentifier>{b9ccd3ad-4c92-4e13-b849-ce784d3cf2e6}</UniqueIdentifier>
    </Filter>
    <Filter Include="Header Files">
      <UniqueIdentifier>{74179d8d-860e-4431-9c5c-c139888a9683}</UniqueIdentifier>
    </Filter>
    <Filter Include="Source Files\Collection">
      <UniqueIdentifier>{fe69dbdb-74b1-412d-9988-749c05324727}</UniqueIdentifier>
    </Filter>
    <Filter Include="Source Files\String">
      <UniqueIdentifier>{52032ed4-fd33-4057-bbe1-f08d037e1106}</UniqueIdentifier>
    </Filter>
    <Filter Include="Source Files\Process">
      <UniqueIdentifier>{a7f122ad-88e4-41b4-b70f-7ab1ea96996f}</UniqueIdentifier>
    </Filter>
    <Filter Include="Source Files\Stream">
      <UniqueIdentifier>{26497840-fc47-450e-9d58-83bb16a86030}</UniqueIdentifier>
    </Filter>
    <Filter Include="Source Files\Date">
      <UniqueIdentifier>{bed8a264-1ff4-4331-b83c-af3ca66a7556}</UniqueIdentifier>
    </Filter>
    <Filter Include="Source Files\Debugging and Exceptions">
      <UniqueIdentifier>{8f576b90-10d8-498a-a346-fd31173a2e8f}</UniqueIdentifier>
    </Filter>
    <Filter Include="Source Files\Math">
      <UniqueIdentifier>{25353fa2-122c-4efb-8fb8-cfc06c83adbd}</UniqueIdentifier>
    </Filter>
    <Filter Include="Source Files\TcpIp">
      <UniqueIdentifier>{0e00e9c2-f04d-4c78-bff9-cb7e7b64071d}</UniqueIdentifier>
    </Filter>
    <Filter Include="Source Files\Misc">
      <UniqueIdentifier>{320b8806-673c-4455-a366-6388ad7aefc3}</UniqueIdentifier>
    </Filter>
    <Filter Include="Source Files\Console">
      <UniqueIdentifier>{3837b879-f322-433a-b530-2025e8addf54}</UniqueIdentifier>
    </Filter>
    <Filter Include="Source Files\Asm Files">
      <UniqueIdentifier>{876a6a40-3ea2-48c5-8f99-ef68571b010f}</UniqueIdentifier>
    </Filter>
    <Filter Include="Source Files\System">
      <UniqueIdentifier>{55a6a7a8-bc3e-43cd-a337-44d1b5306212}</UniqueIdentifier>
    </Filter>
  </ItemGroup>
  <ItemGroup>
    <ClCompile Include="access.cpp">
      <Filter>Source Files\System</Filter>
    </ClCompile>
    <ClCompile Include="chdir.cpp">
      <Filter>Source Files\System</Filter>
    </ClCompile>
    <ClCompile Include="chmod.cpp">
      <Filter>Source Files\System</Filter>
    </ClCompile>
    <ClCompile Include="dup.cpp">
      <Filter>Source Files\System</Filter>
    </ClCompile>
    <ClCompile Include="dup2.cpp">
      <Filter>Source Files\System</Filter>
    </ClCompile>
    <ClCompile Include="fgets.cpp">
      <Filter>Source Files\System</Filter>
    </ClCompile>
    <ClCompile Include="fopen.cpp">
      <Filter>Source Files\System</Filter>
    </ClCompile>
    <ClCompile Include="fread.cpp">
      <Filter>Source Files\System</Filter>
    </ClCompile>
    <ClCompile Include="fseek.cpp">
      <Filter>Source Files\System</Filter>
    </ClCompile>
    <ClCompile Include="fwrite.cpp">
      <Filter>Source Files\System</Filter>
    </ClCompile>
    <ClCompile Include="getcwd.cpp">
      <Filter>Source Files\System</Filter>
    </ClCompile>
    <ClCompile Include="gets.cpp">
      <Filter>Source Files\System</Filter>
    </ClCompile>
    <ClCompile Include="isatty.cpp">
      <Filter>Source Files\System</Filter>
    </ClCompile>
    <ClCompile Include="mkfopen.cpp">
      <Filter>Source Files\System</Filter>
    </ClCompile>
    <ClCompile Include="pipe.cpp">
      <Filter>Source Files\System</Filter>
    </ClCompile>
    <ClCompile Include="rmdir.cpp">
      <Filter>Source Files\System</Filter>
    </ClCompile>
    <ClCompile Include="Rename.cpp">
      <Filter>Source Files\System</Filter>
    </ClCompile>
    <ClCompile Include="Stat.cpp">
      <Filter>Source Files\System</Filter>
    </ClCompile>
    <ClCompile Include="stat64.cpp">
      <Filter>Source Files\System</Filter>
    </ClCompile>
    <ClCompile Include="Unlink.cpp">
      <Filter>Source Files\System</Filter>
    </ClCompile>
    <ClCompile Include="xfree.cpp">
      <Filter>Source Files\System</Filter>
    </ClCompile>
    <ClCompile Include="xmalloc.cpp">
      <Filter>Source Files\System</Filter>
    </ClCompile>
    <ClCompile Include="xrealloc.cpp">
      <Filter>Source Files\System</Filter>
    </ClCompile>
    <ClCompile Include="xstrdup.cpp">
      <Filter>Source Files\System</Filter>
    </ClCompile>
    <ClCompile Include="AbstractIterator.cpp">
      <Filter>Source Files\Collection</Filter>
    </ClCompile>
    <ClCompile Include="ArrayImpl.cpp">
      <Filter>Source Files\Collection</Filter>
    </ClCompile>
    <ClCompile Include="ArraySort.cpp">
      <Filter>Source Files\Collection</Filter>
    </ClCompile>
    <ClCompile Include="BitSet.cpp">
      <Filter>Source Files\Collection</Filter>
    </ClCompile>
    <ClCompile Include="BitSetIndex.cpp">
      <Filter>Source Files\Collection</Filter>
    </ClCompile>
    <ClCompile Include="BitSetIterator.cpp">
      <Filter>Source Files\Collection</Filter>
    </ClCompile>
    <ClCompile Include="BitSetPacker.cpp">
      <Filter>Source Files\Collection</Filter>
    </ClCompile>
    <ClCompile Include="BitSetStream.cpp">
      <Filter>Source Files\Collection</Filter>
    </ClCompile>
    <ClCompile Include="BitSetToStringIntervals.cpp">
      <Filter>Source Files\Collection</Filter>
    </ClCompile>
    <ClCompile Include="ByteArray.cpp">
      <Filter>Source Files\Collection</Filter>
    </ClCompile>
    <ClCompile Include="HashMapImpl.cpp">
      <Filter>Source Files\Collection</Filter>
    </ClCompile>
    <ClCompile Include="HashSetImpl.cpp">
      <Filter>Source Files\Collection</Filter>
    </ClCompile>
    <ClCompile Include="HashSetIterator.cpp">
      <Filter>Source Files\Collection</Filter>
    </ClCompile>
    <ClCompile Include="Map.cpp">
      <Filter>Source Files\Collection</Filter>
    </ClCompile>
    <ClCompile Include="PackedArray.cpp">
      <Filter>Source Files\Collection</Filter>
    </ClCompile>
    <ClCompile Include="PackedArrayStream.cpp">
      <Filter>Source Files\Collection</Filter>
    </ClCompile>
    <ClCompile Include="TreeMapImpl.cpp">
      <Filter>Source Files\Collection</Filter>
    </ClCompile>
    <ClCompile Include="TreeSetImpl.cpp">
      <Filter>Source Files\Collection</Filter>
    </ClCompile>
    <ClCompile Include="TreeSetIterator.cpp">
      <Filter>Source Files\Collection</Filter>
    </ClCompile>
    <ClCompile Include="sprintbin.cpp">
      <Filter>Source Files\String</Filter>
    </ClCompile>
    <ClCompile Include="straccent.cpp">
      <Filter>Source Files\String</Filter>
    </ClCompile>
    <ClCompile Include="StrHash.cpp">
      <Filter>Source Files\String</Filter>
    </ClCompile>
    <ClCompile Include="StrIHash.cpp">
      <Filter>Source Files\String</Filter>
    </ClCompile>
    <ClCompile Include="StringArray.cpp">
      <Filter>Source Files\String</Filter>
    </ClCompile>
    <ClCompile Include="StringHash.cpp">
      <Filter>Source Files\String</Filter>
    </ClCompile>
    <ClCompile Include="StringIHash.cpp">
      <Filter>Source Files\String</Filter>
    </ClCompile>
    <ClCompile Include="StringIO.cpp">
      <Filter>Source Files\String</Filter>
    </ClCompile>
    <ClCompile Include="StringPool.cpp">
      <Filter>Source Files\String</Filter>
    </ClCompile>
    <ClCompile Include="StrRemove.cpp">
      <Filter>Source Files\String</Filter>
    </ClCompile>
    <ClCompile Include="StrReplace1.cpp">
      <Filter>Source Files\String</Filter>
    </ClCompile>
    <ClCompile Include="StrReplace2.cpp">
      <Filter>Source Files\String</Filter>
    </ClCompile>
    <ClCompile Include="StrReplace3.cpp">
      <Filter>Source Files\String</Filter>
    </ClCompile>
    <ClCompile Include="strtabcmp.cpp">
      <Filter>Source Files\String</Filter>
    </ClCompile>
    <ClCompile Include="StrTabExp.cpp">
      <Filter>Source Files\String</Filter>
    </ClCompile>
    <ClCompile Include="StrToLower.cpp">
      <Filter>Source Files\String</Filter>
    </ClCompile>
    <ClCompile Include="StrToUpper.cpp">
      <Filter>Source Files\String</Filter>
    </ClCompile>
    <ClCompile Include="StrTrim.cpp">
      <Filter>Source Files\String</Filter>
    </ClCompile>
    <ClCompile Include="StrTrimLeft.cpp">
      <Filter>Source Files\String</Filter>
    </ClCompile>
    <ClCompile Include="StrTrimRight.cpp">
      <Filter>Source Files\String</Filter>
    </ClCompile>
    <ClCompile Include="StrUpper.cpp">
      <Filter>Source Files\String</Filter>
    </ClCompile>
    <ClCompile Include="MyString.cpp">
      <Filter>Source Files\String</Filter>
    </ClCompile>
    <ClCompile Include="MyStringA2W.cpp">
      <Filter>Source Files\String</Filter>
    </ClCompile>
    <ClCompile Include="PrimitiveToString.cpp">
      <Filter>Source Files\String</Filter>
    </ClCompile>
    <ClCompile Include="lucase.cpp">
      <Filter>Source Files\String</Filter>
    </ClCompile>
    <ClCompile Include="FileTreeWalker.cpp">
      <Filter>Source Files\System</Filter>
    </ClCompile>
    <ClCompile Include="FindDataComp.cpp">
      <Filter>Source Files\System</Filter>
    </ClCompile>
    <ClCompile Include="FindDataCompCommon.cpp">
      <Filter>Source Files\System</Filter>
    </ClCompile>
    <ClCompile Include="FileContent.cpp">
      <Filter>Source Files\System</Filter>
    </ClCompile>
    <ClCompile Include="GetPos.cpp">
      <Filter>Source Files\System</Filter>
    </ClCompile>
    <ClCompile Include="GetCommandline.cpp">
      <Filter>Source Files\Process</Filter>
    </ClCompile>
    <ClCompile Include="GetModuleFileName.cpp">
      <Filter>Source Files\Process</Filter>
    </ClCompile>
    <ClCompile Include="GetProcessHandle.cpp">
      <Filter>Source Files\Process</Filter>
    </ClCompile>
    <ClCompile Include="GetProcessIds.cpp">
      <Filter>Source Files\Process</Filter>
    </ClCompile>
    <ClCompile Include="GetProcessModules.cpp">
      <Filter>Source Files\Process</Filter>
    </ClCompile>
    <ClCompile Include="GetProcessorCount.cpp">
      <Filter>Source Files\Process</Filter>
    </ClCompile>
    <ClCompile Include="GetProcessResources.cpp">
      <Filter>Source Files\Process</Filter>
    </ClCompile>
    <ClCompile Include="ProcessTime.cpp">
      <Filter>Source Files\Process</Filter>
    </ClCompile>
    <ClCompile Include="ProcessInfo.cpp">
      <Filter>Source Files\Process</Filter>
    </ClCompile>
    <ClCompile Include="Thread.cpp">
      <Filter>Source Files\Process</Filter>
    </ClCompile>
    <ClCompile Include="Timer.cpp">
      <Filter>Source Files\Process</Filter>
    </ClCompile>
    <ClCompile Include="CPUInfo.cpp">
      <Filter>Source Files\System</Filter>
    </ClCompile>
    <ClCompile Include="Scandir.cpp">
      <Filter>Source Files\System</Filter>
    </ClCompile>
    <ClCompile Include="ListImpl.cpp">
      <Filter>Source Files\Collection</Filter>
    </ClCompile>
    <ClCompile Include="BitMatrix.cpp">
      <Filter>Source Files\Collection</Filter>
    </ClCompile>
    <ClCompile Include="BitInputStream.cpp">
      <Filter>Source Files\Stream</Filter>
    </ClCompile>
    <ClCompile Include="BitOutputStream.cpp">
      <Filter>Source Files\Stream</Filter>
    </ClCompile>
    <ClCompile Include="ByteFile.cpp">
      <Filter>Source Files\Stream</Filter>
    </ClCompile>
    <ClCompile Include="ByteInputFile.cpp">
      <Filter>Source Files\Stream</Filter>
    </ClCompile>
    <ClCompile Include="ByteInputStream.cpp">
      <Filter>Source Files\Stream</Filter>
    </ClCompile>
    <ClCompile Include="ByteMemoryInputStream.cpp">
      <Filter>Source Files\Stream</Filter>
    </ClCompile>
    <ClCompile Include="ByteMemoryOutputStream.cpp">
      <Filter>Source Files\Stream</Filter>
    </ClCompile>
    <ClCompile Include="ByteOutputFile.cpp">
      <Filter>Source Files\Stream</Filter>
    </ClCompile>
    <ClCompile Include="CompressFilter.cpp">
      <Filter>Source Files\Stream</Filter>
    </ClCompile>
    <ClCompile Include="CountedByteInputStream.cpp">
      <Filter>Source Files\Stream</Filter>
    </ClCompile>
    <ClCompile Include="CountedByteOutputStream.cpp">
      <Filter>Source Files\Stream</Filter>
    </ClCompile>
    <ClCompile Include="DecompressFilter.cpp">
      <Filter>Source Files\Stream</Filter>
    </ClCompile>
    <ClCompile Include="LexFileStream.cpp">
      <Filter>Source Files\Stream</Filter>
    </ClCompile>
    <ClCompile Include="LexStringStream.cpp">
      <Filter>Source Files\Stream</Filter>
    </ClCompile>
    <ClCompile Include="LRparser.cpp">
      <Filter>Source Files\Stream</Filter>
    </ClCompile>
    <ClCompile Include="Scanner.cpp">
      <Filter>Source Files\Stream</Filter>
    </ClCompile>
    <ClCompile Include="SourcePosition.cpp">
      <Filter>Source Files\Stream</Filter>
    </ClCompile>
    <ClCompile Include="ByteFileArray.cpp">
      <Filter>Source Files\Collection</Filter>
    </ClCompile>
    <ClCompile Include="Date.cpp">
      <Filter>Source Files\Date</Filter>
    </ClCompile>
    <ClCompile Include="DatePacker.cpp">
      <Filter>Source Files\Date</Filter>
    </ClCompile>
    <ClCompile Include="Time.cpp">
      <Filter>Source Files\Date</Filter>
    </ClCompile>
    <ClCompile Include="Timestamp.cpp">
      <Filter>Source Files\Date</Filter>
    </ClCompile>
    <ClCompile Include="TimestampPacker.cpp">
      <Filter>Source Files\Date</Filter>
    </ClCompile>
    <ClCompile Include="CallCounter.cpp">
      <Filter>Source Files\Debugging and Exceptions</Filter>
    </ClCompile>
    <ClCompile Include="DebugLog.cpp">
      <Filter>Source Files\Debugging and Exceptions</Filter>
    </ClCompile>
    <ClCompile Include="ErrorText.cpp">
      <Filter>Source Files\Debugging and Exceptions</Filter>
    </ClCompile>
    <ClCompile Include="Exception.cpp">
      <Filter>Source Files\Debugging and Exceptions</Filter>
    </ClCompile>
    <ClCompile Include="MyAssert.cpp">
      <Filter>Source Files\Debugging and Exceptions</Filter>
    </ClCompile>
    <ClCompile Include="Pause.cpp">
      <Filter>Source Files\Debugging and Exceptions</Filter>
    </ClCompile>
    <ClCompile Include="ExecutableByteArray.cpp">
      <Filter>Source Files\Collection</Filter>
    </ClCompile>
    <ClCompile Include="Semaphore.cpp">
      <Filter>Source Files\Process</Filter>
    </ClCompile>
    <ClCompile Include="Tokenizer.cpp">
      <Filter>Source Files\String</Filter>
    </ClCompile>
    <ClCompile Include="FileNameSplitter.cpp">
      <Filter>Source Files\System</Filter>
    </ClCompile>
    <ClCompile Include="HexDump.cpp">
      <Filter>Source Files\Debugging and Exceptions</Filter>
    </ClCompile>
    <ClCompile Include="format1000.cpp">
      <Filter>Source Files\String</Filter>
    </ClCompile>
    <ClCompile Include="RandInt.cpp">
      <Filter>Source Files\Math</Filter>
    </ClCompile>
    <ClCompile Include="Random.cpp">
      <Filter>Source Files\Math</Filter>
    </ClCompile>
    <ClCompile Include="Randomize.cpp">
      <Filter>Source Files\Math</Filter>
    </ClCompile>
    <ClCompile Include="Constants.cpp">
      <Filter>Source Files\Math</Filter>
    </ClCompile>
    <ClCompile Include="fraction.cpp">
      <Filter>Source Files\Math</Filter>
    </ClCompile>
    <ClCompile Include="Round.cpp">
      <Filter>Source Files\Math</Filter>
    </ClCompile>
    <ClCompile Include="Packer.cpp">
      <Filter>Source Files\Stream</Filter>
    </ClCompile>
    <ClCompile Include="StreamParameters.cpp">
      <Filter>Source Files\Stream</Filter>
    </ClCompile>
    <ClCompile Include="StrStream.cpp">
      <Filter>Source Files\Stream</Filter>
    </ClCompile>
    <ClCompile Include="MinMax.cpp">
      <Filter>Source Files\Math</Filter>
    </ClCompile>
    <ClCompile Include="Regex.cpp">
      <Filter>Source Files\String</Filter>
    </ClCompile>
    <ClCompile Include="SysErrorText.cpp">
      <Filter>Source Files\Debugging and Exceptions</Filter>
    </ClCompile>
    <ClCompile Include="LineTracer.cpp">
      <Filter>Source Files\Debugging and Exceptions</Filter>
    </ClCompile>
    <ClCompile Include="RegexHelp.cpp">
      <Filter>Source Files\String</Filter>
    </ClCompile>
    <ClCompile Include="Registry.cpp">
      <Filter>Source Files\System</Filter>
    </ClCompile>
    <ClCompile Include="SetFileMode.cpp">
      <Filter>Source Files\System</Filter>
    </ClCompile>
    <ClCompile Include="Tcp.cpp">
      <Filter>Source Files\TcpIp</Filter>
    </ClCompile>
    <ClCompile Include="TcpString.cpp">
      <Filter>Source Files\TcpIp</Filter>
    </ClCompile>
    <ClCompile Include="SocketErrorMessage.cpp">
      <Filter>Source Files\TcpIp</Filter>
    </ClCompile>
    <ClCompile Include="TimeMeasure.cpp">
      <Filter>Source Files\Process</Filter>
    </ClCompile>
    <ClCompile Include="InputInt.cpp">
      <Filter>Source Files\Misc</Filter>
    </ClCompile>
    <ClCompile Include="InputInt64.cpp">
      <Filter>Source Files\Misc</Filter>
    </ClCompile>
    <ClCompile Include="InputPassword.cpp">
      <Filter>Source Files\Misc</Filter>
    </ClCompile>
    <ClCompile Include="PropertyContainer.cpp">
      <Filter>Source Files\Misc</Filter>
    </ClCompile>
    <ClCompile Include="QuickSort.cpp">
      <Filter>Source Files\Misc</Filter>
    </ClCompile>
    <ClCompile Include="XmlDoc.cpp">
      <Filter>Source Files\String</Filter>
    </ClCompile>
    <ClCompile Include="BSTRToString.cpp">
      <Filter>Source Files\String</Filter>
    </ClCompile>
    <ClCompile Include="ArgvExpand.cpp">
      <Filter>Source Files\Misc</Filter>
    </ClCompile>
    <ClCompile Include="Bpn.cpp">
      <Filter>Source Files\Math</Filter>
    </ClCompile>
    <ClCompile Include="ComboBox.cpp">
      <Filter>Source Files\Console</Filter>
    </ClCompile>
    <ClCompile Include="ConsoleWindow.cpp">
      <Filter>Source Files\Console</Filter>
    </ClCompile>
    <ClCompile Include="Dialog.cpp">
      <Filter>Source Files\Console</Filter>
    </ClCompile>
    <ClCompile Include="DialogField.cpp">
      <Filter>Source Files\Console</Filter>
    </ClCompile>
    <ClCompile Include="DialogFields.cpp">
      <Filter>Source Files\Console</Filter>
    </ClCompile>
    <ClCompile Include="DrawRect.cpp">
      <Filter>Source Files\Console</Filter>
    </ClCompile>
    <ClCompile Include="FrameChars.cpp">
      <Filter>Source Files\Console</Filter>
    </ClCompile>
    <ClCompile Include="ListBox.cpp">
      <Filter>Source Files\Console</Filter>
    </ClCompile>
    <ClCompile Include="Menu.cpp">
      <Filter>Source Files\Console</Filter>
    </ClCompile>
    <ClCompile Include="MessageBox.cpp">
      <Filter>Source Files\Console</Filter>
    </ClCompile>
    <ClCompile Include="ProgressBar.cpp">
      <Filter>Source Files\Console</Filter>
    </ClCompile>
    <ClCompile Include="ScrollBar.cpp">
      <Filter>Source Files\Console</Filter>
    </ClCompile>
    <ClCompile Include="TextRect.cpp">
      <Filter>Source Files\Console</Filter>
    </ClCompile>
    <ClCompile Include="TextWin.cpp">
      <Filter>Source Files\Console</Filter>
    </ClCompile>
    <ClCompile Include="GetSize.cpp">
      <Filter>Source Files\System</Filter>
    </ClCompile>
    <ClCompile Include="fstat64.cpp">
      <Filter>Source Files\System</Filter>
    </ClCompile>
    <ClCompile Include="fstat.cpp">
      <Filter>Source Files\System</Filter>
    </ClCompile>
    <ClCompile Include="GetUserName.cpp">
      <Filter>Source Files\System</Filter>
    </ClCompile>
    <ClCompile Include="safenew.cpp">
      <Filter>Source Files\System</Filter>
    </ClCompile>
    <ClCompile Include="searchenv.cpp">
      <Filter>Source Files\System</Filter>
    </ClCompile>
    <ClCompile Include="InputDouble.cpp">
      <Filter>Source Files\Misc</Filter>
    </ClCompile>
    <ClCompile Include="KeepAlive.cpp">
      <Filter>Source Files\Process</Filter>
    </ClCompile>
    <ClCompile Include="Sleep.cpp">
      <Filter>Source Files\Process</Filter>
    </ClCompile>
    <ClCompile Include="MarginFile.cpp">
      <Filter>Source Files\Stream</Filter>
    </ClCompile>
    <ClCompile Include="TeeOutputStream.cpp">
      <Filter>Source Files\Stream</Filter>
    </ClCompile>
    <ClCompile Include="WildCardRegex.cpp">
      <Filter>Source Files\String</Filter>
    </ClCompile>
    <ClCompile Include="MatchParanthes.cpp">
      <Filter>Source Files\String</Filter>
    </ClCompile>
    <ClCompile Include="LoadString.cpp">
      <Filter>Source Files\String</Filter>
    </ClCompile>
    <ClCompile Include="ectype.cpp">
      <Filter>Source Files\String</Filter>
    </ClCompile>
    <ClCompile Include="TimePacker.cpp">
      <Filter>Source Files\Date</Filter>
    </ClCompile>
    <ClCompile Include="GetProcessMemoryCounters.cpp">
      <Filter>Source Files\Process</Filter>
    </ClCompile>
    <ClCompile Include="md5c.cpp">
      <Filter>Source Files\Misc</Filter>
    </ClCompile>
    <ClCompile Include="Language.cpp">
      <Filter>Source Files\Process</Filter>
    </ClCompile>
    <ClCompile Include="FileVersion.cpp">
      <Filter>Source Files\Process</Filter>
    </ClCompile>
    <ClCompile Include="GetLockedResource.cpp">
      <Filter>Source Files\Process</Filter>
    </ClCompile>
    <ClCompile Include="guid.cpp">
      <Filter>Source Files\Misc</Filter>
    </ClCompile>
    <ClCompile Include="KeyPressed.cpp">
      <Filter>Source Files\Misc</Filter>
    </ClCompile>
    <ClCompile Include="ToAscii.cpp">
      <Filter>Source Files\Misc</Filter>
    </ClCompile>
    <ClCompile Include="Console.cpp">
      <Filter>Source Files\Console</Filter>
    </ClCompile>
    <ClCompile Include="TextFormatDetecter.cpp">
      <Filter>Source Files\Stream</Filter>
    </ClCompile>
    <ClCompile Include="ExternProcess.cpp">
      <Filter>Source Files\Process</Filter>
    </ClCompile>
    <ClCompile Include="InputThread.cpp">
      <Filter>Source Files\Process</Filter>
    </ClCompile>
    <ClCompile Include="GetHandle.cpp">
      <Filter>Source Files\System</Filter>
    </ClCompile>
    <ClCompile Include="FormatSize.cpp">
      <Filter>Source Files\String</Filter>
    </ClCompile>
    <ClCompile Include="ArgvConversion.cpp">
      <Filter>Source Files\String</Filter>
    </ClCompile>
    <ClCompile Include="StrToBool.cpp">
      <Filter>Source Files\String</Filter>
    </ClCompile>
    <ClCompile Include="BigEndianStream.cpp">
      <Filter>Source Files\Stream</Filter>
    </ClCompile>
    <ClCompile Include="FileBitSetIndex.cpp">
      <Filter>Source Files\Collection</Filter>
    </ClCompile>
    <ClCompile Include="FileBitSet.cpp">
      <Filter>Source Files\Collection</Filter>
    </ClCompile>
    <ClCompile Include="ThreadPool.cpp">
      <Filter>Source Files\Process</Filter>
    </ClCompile>
    <ClCompile Include="ThreadPoolThread.cpp">
      <Filter>Source Files\Process</Filter>
    </ClCompile>
    <ClCompile Include="TimeEstimator.cpp">
      <Filter>Source Files\Process</Filter>
    </ClCompile>
    <ClCompile Include="InterruptableRunnable.cpp">
      <Filter>Source Files\Process</Filter>
    </ClCompile>
    <ClCompile Include="GetCurrentThreadHandle.cpp">
      <Filter>Source Files\Process</Filter>
    </ClCompile>
    <ClCompile Include="pch.cpp" />
    <ClCompile Include="PackerByteArray.cpp">
      <Filter>Source Files\Stream</Filter>
    </ClCompile>
    <ClCompile Include="PackerStr.cpp">
      <Filter>Source Files\Stream</Filter>
    </ClCompile>
    <ClCompile Include="PackerString.cpp">
      <Filter>Source Files\Stream</Filter>
    </ClCompile>
    <ClCompile Include="PackerStringArray.cpp">
      <Filter>Source Files\Stream</Filter>
    </ClCompile>
    <ClCompile Include="PackerWstr.cpp">
      <Filter>Source Files\Stream</Filter>
    </ClCompile>
    <ClCompile Include="SocketStream.cpp">
      <Filter>Source Files\Stream</Filter>
    </ClCompile>
    <ClCompile Include="InputString.cpp">
      <Filter>Source Files\Misc</Filter>
    </ClCompile>
    <ClCompile Include="ReadTextFile.cpp">
      <Filter>Source Files\Misc</Filter>
    </ClCompile>
    <ClCompile Include="IndentString.cpp">
      <Filter>Source Files\String</Filter>
    </ClCompile>
    <ClCompile Include="PersistentParameter.cpp">
      <Filter>Source Files\String</Filter>
    </ClCompile>
    <ClCompile Include="XMLUtil.cpp">
      <Filter>Source Files\String</Filter>
    </ClCompile>
    <ClCompile Include="PrimitiveStringifiers.cpp">
      <Filter>Source Files\String</Filter>
    </ClCompile>
    <ClCompile Include="RefCountedObject.cpp">
      <Filter>Source Files\Misc</Filter>
    </ClCompile>
    <ClCompile Include="StrnHash.cpp">
      <Filter>Source Files\String</Filter>
    </ClCompile>
    <ClCompile Include="StrniHash.cpp">
      <Filter>Source Files\String</Filter>
    </ClCompile>
    <ClCompile Include="CharacterFormaters.cpp">
      <Filter>Source Files\String</Filter>
    </ClCompile>
    <ClCompile Include="MP3Player.cpp">
      <Filter>Source Files\Misc</Filter>
    </ClCompile>
  </ItemGroup>
  <ItemGroup>
    <ClInclude Include="..\..\Include\Array.h">
      <Filter>Header Files</Filter>
    </ClInclude>
    <ClInclude Include="..\..\Include\BigArray.h">
      <Filter>Header Files</Filter>
    </ClInclude>
    <ClInclude Include="..\..\Include\BitSet.h">
      <Filter>Header Files</Filter>
    </ClInclude>
    <ClInclude Include="..\..\Include\BitStream.h">
      <Filter>Header Files</Filter>
    </ClInclude>
    <ClInclude Include="..\..\Include\ByteArray.h">
      <Filter>Header Files</Filter>
    </ClInclude>
    <ClInclude Include="..\..\Include\ByteFile.h">
      <Filter>Header Files</Filter>
    </ClInclude>
    <ClInclude Include="..\..\Include\ByteMemoryStream.h">
      <Filter>Header Files</Filter>
    </ClInclude>
    <ClInclude Include="..\..\Include\ByteStream.h">
      <Filter>Header Files</Filter>
    </ClInclude>
    <ClInclude Include="..\..\Include\CallCounter.h">
      <Filter>Header Files</Filter>
    </ClInclude>
    <ClInclude Include="..\..\Include\Collection.h">
      <Filter>Header Files</Filter>
    </ClInclude>
    <ClInclude Include="..\..\Include\CompactArray.h">
      <Filter>Header Files</Filter>
    </ClInclude>
    <ClInclude Include="..\..\Include\CompactHashMap.h">
      <Filter>Header Files</Filter>
    </ClInclude>
    <ClInclude Include="..\..\Include\CompactHashSet.h">
      <Filter>Header Files</Filter>
    </ClInclude>
    <ClInclude Include="..\..\Include\CompactKeyType.h">
      <Filter>Header Files</Filter>
    </ClInclude>
    <ClInclude Include="..\..\Include\CompactStack.h">
      <Filter>Header Files</Filter>
    </ClInclude>
    <ClInclude Include="..\..\Include\Comparator.h">
      <Filter>Header Files</Filter>
    </ClInclude>
    <ClInclude Include="..\..\Include\CompressFilter.h">
      <Filter>Header Files</Filter>
    </ClInclude>
    <ClInclude Include="..\..\Include\Console.h">
      <Filter>Header Files</Filter>
    </ClInclude>
    <ClInclude Include="..\..\Include\CountedByteStream.h">
      <Filter>Header Files</Filter>
    </ClInclude>
    <ClInclude Include="..\..\Include\CPUInfo.h">
      <Filter>Header Files</Filter>
    </ClInclude>
    <ClInclude Include="..\..\Include\Date.h">
      <Filter>Header Files</Filter>
    </ClInclude>
    <ClInclude Include="..\..\Include\Exception.h">
      <Filter>Header Files</Filter>
    </ClInclude>
    <ClInclude Include="..\..\Include\FileContent.h">
      <Filter>Header Files</Filter>
    </ClInclude>
    <ClInclude Include="..\..\Include\FileNameSplitter.h">
      <Filter>Header Files</Filter>
    </ClInclude>
    <ClInclude Include="..\..\Include\FileTreeWalker.h">
      <Filter>Header Files</Filter>
    </ClInclude>
    <ClInclude Include="..\..\Include\HashMap.h">
      <Filter>Header Files</Filter>
    </ClInclude>
    <ClInclude Include="..\..\Include\HashSet.h">
      <Filter>Header Files</Filter>
    </ClInclude>
    <ClInclude Include="..\..\Include\Iterator.h">
      <Filter>Header Files</Filter>
    </ClInclude>
    <ClInclude Include="..\..\Include\LineTracer.h">
      <Filter>Header Files</Filter>
    </ClInclude>
    <ClInclude Include="..\..\Include\LinkedList.h">
      <Filter>Header Files</Filter>
    </ClInclude>
    <ClInclude Include="..\..\Include\LRparser.h">
      <Filter>Header Files</Filter>
    </ClInclude>
    <ClInclude Include="..\..\Include\Map.h">
      <Filter>Header Files</Filter>
    </ClInclude>
    <ClInclude Include="..\..\Include\MyAssert.h">
      <Filter>Header Files</Filter>
    </ClInclude>
    <ClInclude Include="..\..\Include\MyString.h">
      <Filter>Header Files</Filter>
    </ClInclude>
    <ClInclude Include="..\..\Include\MyUtil.h">
      <Filter>Header Files</Filter>
    </ClInclude>
    <ClInclude Include="..\..\Include\NumberInterval.h">
      <Filter>Header Files</Filter>
    </ClInclude>
    <ClInclude Include="..\..\Include\ObjectManager.h">
      <Filter>Header Files</Filter>
    </ClInclude>
    <ClInclude Include="..\..\Include\PackedArray.h">
      <Filter>Header Files</Filter>
    </ClInclude>
    <ClInclude Include="..\..\Include\Packer.h">
      <Filter>Header Files</Filter>
    </ClInclude>
    <ClInclude Include="..\..\Include\PragmaLib.h">
      <Filter>Header Files</Filter>
    </ClInclude>
    <ClInclude Include="..\..\Include\PriorityQueue.h">
      <Filter>Header Files</Filter>
    </ClInclude>
    <ClInclude Include="..\..\Include\ProcessTools.h">
      <Filter>Header Files</Filter>
    </ClInclude>
    <ClInclude Include="..\..\Include\QueueList.h">
      <Filter>Header Files</Filter>
    </ClInclude>
    <ClInclude Include="..\..\Include\Random.h">
      <Filter>Header Files</Filter>
    </ClInclude>
    <ClInclude Include="..\..\Include\Regex.h">
      <Filter>Header Files</Filter>
    </ClInclude>
    <ClInclude Include="..\..\Include\Registry.h">
      <Filter>Header Files</Filter>
    </ClInclude>
    <ClInclude Include="..\..\Include\Runnable.h">
      <Filter>Header Files</Filter>
    </ClInclude>
    <ClInclude Include="..\..\Include\Scandir.h">
      <Filter>Header Files</Filter>
    </ClInclude>
    <ClInclude Include="..\..\Include\Scanner.h">
      <Filter>Header Files</Filter>
    </ClInclude>
    <ClInclude Include="..\..\Include\Semaphore.h">
      <Filter>Header Files</Filter>
    </ClInclude>
    <ClInclude Include="..\..\Include\Set.h">
      <Filter>Header Files</Filter>
    </ClInclude>
    <ClInclude Include="..\..\Include\Stack.h">
      <Filter>Header Files</Filter>
    </ClInclude>
    <ClInclude Include="..\..\Include\StreamParameters.h">
      <Filter>Header Files</Filter>
    </ClInclude>
    <ClInclude Include="..\..\Include\StringPool.h">
      <Filter>Header Files</Filter>
    </ClInclude>
    <ClInclude Include="..\..\Include\StrStream.h">
      <Filter>Header Files</Filter>
    </ClInclude>
    <ClInclude Include="..\..\Include\SynchronizedQueue.h">
      <Filter>Header Files</Filter>
    </ClInclude>
    <ClInclude Include="..\..\Include\Tcp.h">
      <Filter>Header Files</Filter>
    </ClInclude>
    <ClInclude Include="..\..\Include\TextRect.h">
      <Filter>Header Files</Filter>
    </ClInclude>
    <ClInclude Include="..\..\Include\TextWin.h">
      <Filter>Header Files</Filter>
    </ClInclude>
    <ClInclude Include="..\..\Include\Thread.h">
      <Filter>Header Files</Filter>
    </ClInclude>
    <ClInclude Include="..\..\Include\TimeMeasure.h">
      <Filter>Header Files</Filter>
    </ClInclude>
    <ClInclude Include="..\..\Include\Timer.h">
      <Filter>Header Files</Filter>
    </ClInclude>
    <ClInclude Include="..\..\Include\TinyBitSet.h">
      <Filter>Header Files</Filter>
    </ClInclude>
    <ClInclude Include="..\..\Include\Tokenizer.h">
      <Filter>Header Files</Filter>
    </ClInclude>
    <ClInclude Include="..\..\Include\TreeMap.h">
      <Filter>Header Files</Filter>
    </ClInclude>
    <ClInclude Include="..\..\Include\TreeSet.h">
      <Filter>Header Files</Filter>
    </ClInclude>
    <ClInclude Include="..\..\Include\Unicode.h">
      <Filter>Header Files</Filter>
    </ClInclude>
    <ClInclude Include="..\..\Include\WildCardRegex.h">
      <Filter>Header Files</Filter>
    </ClInclude>
    <ClInclude Include="..\..\Include\XmlDoc.h">
      <Filter>Header Files</Filter>
    </ClInclude>
    <ClInclude Include="..\..\Include\MatrixDimension.h">
      <Filter>Header Files</Filter>
    </ClInclude>
    <ClInclude Include="..\..\Include\MatrixTemplate.h">
      <Filter>Header Files</Filter>
    </ClInclude>
    <ClInclude Include="..\..\Include\VectorTemplate.h">
      <Filter>Header Files</Filter>
    </ClInclude>
    <ClInclude Include="..\..\Include\BMAutomate.h">
      <Filter>Header Files</Filter>
    </ClInclude>
    <ClInclude Include="..\..\Include\Bpn.h">
      <Filter>Header Files</Filter>
    </ClInclude>
    <ClInclude Include="..\..\Include\FileVersion.h">
      <Filter>Header Files</Filter>
    </ClInclude>
    <ClInclude Include="..\..\Include\KMPAutomate.h">
      <Filter>Header Files</Filter>
    </ClInclude>
    <ClInclude Include="..\..\Include\Language.h">
      <Filter>Header Files</Filter>
    </ClInclude>
    <ClInclude Include="..\..\Include\MarginFile.h">
      <Filter>Header Files</Filter>
    </ClInclude>
    <ClInclude Include="..\..\Include\md5.h">
      <Filter>Header Files</Filter>
    </ClInclude>
    <ClInclude Include="..\..\Include\NullOutputStream.h">
      <Filter>Header Files</Filter>
    </ClInclude>
    <ClInclude Include="..\..\Include\TeeOutputStream.h">
      <Filter>Header Files</Filter>
    </ClInclude>
    <ClInclude Include="..\..\Include\TextFormatDetecter.h">
      <Filter>Header Files</Filter>
    </ClInclude>
    <ClInclude Include="..\..\Include\ExternProcess.h">
      <Filter>Header Files</Filter>
    </ClInclude>
    <ClInclude Include="..\..\Include\InputThread.h">
      <Filter>Header Files</Filter>
    </ClInclude>
    <ClInclude Include="..\..\Include\NatvisAddInHelper.h">
      <Filter>Header Files</Filter>
    </ClInclude>
    <ClInclude Include="..\..\Include\PropertyContainer.h">
      <Filter>Header Files</Filter>
    </ClInclude>
    <ClInclude Include="..\..\Include\BigEndianStream.h">
      <Filter>Header Files</Filter>
    </ClInclude>
    <ClInclude Include="..\..\Include\TimeEstimator.h">
      <Filter>Header Files</Filter>
    </ClInclude>
    <ClInclude Include="..\..\Include\InterruptableRunnable.h">
      <Filter>Header Files</Filter>
    </ClInclude>
    <ClInclude Include="pch.h" />
    <ClInclude Include="targetver.h" />
    <ClInclude Include="..\..\Include\SocketStream.h">
      <Filter>Header Files</Filter>
    </ClInclude>
    <ClInclude Include="..\..\Include\PersistentParameter.h">
      <Filter>Header Files</Filter>
    </ClInclude>
    <ClInclude Include="..\..\Include\XMLUtil.h">
      <Filter>Header Files</Filter>
    </ClInclude>
    <ClInclude Include="..\..\Include\UnitTestTraits.h">
      <Filter>Header Files</Filter>
    </ClInclude>
    <ClInclude Include="..\..\Include\RefCountedObject.h">
      <Filter>Header Files</Filter>
    </ClInclude>
    <ClInclude Include="..\..\Include\MemSwap.h">
      <Filter>Header Files</Filter>
    </ClInclude>
    <ClInclude Include="..\..\Include\StringSearchAlgorithm.h">
      <Filter>Header Files</Filter>
    </ClInclude>
    <ClInclude Include="..\..\Include\MP3Player.h">
      <Filter>Header Files</Filter>
    </ClInclude>
  </ItemGroup>
  <ItemGroup>
    <Natvis Include="NatvisFile.natvis" />
  </ItemGroup>
  <ItemGroup>
    <CustomBuild Include="BitSetx64.asm">
      <Filter>Source Files\Asm Files</Filter>
    </CustomBuild>
    <CustomBuild Include="CPUInfox64.asm">
      <Filter>Source Files\Asm Files</Filter>
    </CustomBuild>
    <CustomBuild Include="MemSwapx64.asm">
      <Filter>Source Files\Asm Files</Filter>
    </CustomBuild>
  </ItemGroup>
</Project>