<?xml version="1.0" encoding="utf-8"?>
<Project ToolsVersion="4.0" xmlns="http://schemas.microsoft.com/developer/msbuild/2003">
  <ItemGroup>
    <Filter Include="Source Files">
      <UniqueIdentifier>{36d9e959-09f7-43ba-aec6-81473b2c4c11}</UniqueIdentifier>
      <Extensions>cpp;c;cxx;rc;def;r;odl;hpj;bat;for;f90</Extensions>
    </Filter>
    <Filter Include="Header Files">
      <UniqueIdentifier>{0c7ca79f-de62-41ba-b3e9-a0829fe26d0b}</UniqueIdentifier>
      <Extensions>h;hpp;hxx;hm;inl;fi;fd</Extensions>
    </Filter>
    <Filter Include="Resource Files">
      <UniqueIdentifier>{c0f093f7-17f1-400f-b7cf-130f5575a3bb}</UniqueIdentifier>
      <Extensions>ico;cur;bmp;dlg;rc2;rct;bin;cnt;rtf;gif;jpg;jpeg;jpe</Extensions>
    </Filter>
  </ItemGroup>
  <ItemGroup>
    <ClCompile Include="Dibwnd.cpp">
      <Filter>Source Files</Filter>
    </ClCompile>
    <ClCompile Include="Maindlg.cpp">
      <Filter>Source Files</Filter>
    </ClCompile>
    <ClCompile Include="mtdibwnd.cpp">
      <Filter>Source Files</Filter>
    </ClCompile>
    <ClCompile Include="stdafx.cpp">
      <Filter>Source Files</Filter>
    </ClCompile>
    <ClCompile Include="testdec.cpp">
      <Filter>Source Files</Filter>
    </ClCompile>
  </ItemGroup>
  <ItemGroup>
    <ResourceCompile Include="testdec.rc">
      <Filter>Source Files</Filter>
    </ResourceCompile>
  </ItemGroup>
  <ItemGroup>
    <ClInclude Include="dibwnd.h">
      <Filter>Header Files</Filter>
    </ClInclude>
    <ClInclude Include="maindlg.h">
      <Filter>Header Files</Filter>
    </ClInclude>
    <ClInclude Include="mtdibwnd.h">
      <Filter>Header Files</Filter>
    </ClInclude>
    <ClInclude Include="stdafx.h">
      <Filter>Header Files</Filter>
    </ClInclude>
    <ClInclude Include="testdec.h">
      <Filter>Header Files</Filter>
    </ClInclude>
  </ItemGroup>
  <ItemGroup>
    <Image Include="res\dibtest.ico">
      <Filter>Resource Files</Filter>
    </Image>
    <Image Include="res\test3.bmp">
      <Filter>Resource Files</Filter>
    </Image>
    <Image Include="res\test4.bmp">
      <Filter>Resource Files</Filter>
    </Image>
    <Image Include="res\test8.bmp">
      <Filter>Resource Files</Filter>
    </Image>
  </ItemGroup>
  <ItemGroup>
    <None Include="res\dibtest.rc2">
      <Filter>Resource Files</Filter>
    </None>
  </ItemGroup>
</Project>