<?xml version="1.0" encoding="utf-8"?>
<Project ToolsVersion="4.0" xmlns="http://schemas.microsoft.com/developer/msbuild/2003">
  <ItemGroup>
    <Filter Include="Source Files">
      <UniqueIdentifier>{aec8282a-c4da-42cf-ab24-4827f6ce79e6}</UniqueIdentifier>
      <Extensions>cpp;c;cxx;rc;def;r;odl;idl;hpj;bat</Extensions>
    </Filter>
    <Filter Include="Header Files">
      <UniqueIdentifier>{3ff20ba7-81b9-479c-8945-24a3e9e0a021}</UniqueIdentifier>
      <Extensions>h;hpp;hxx;hm;inl</Extensions>
    </Filter>
    <Filter Include="Resource Files">
      <UniqueIdentifier>{e16747f7-7fc8-4531-a015-7379af042d11}</UniqueIdentifier>
      <Extensions>ico;cur;bmp;dlg;rc2;rct;bin;rgs;gif;jpg;jpeg;jpe</Extensions>
    </Filter>
  </ItemGroup>
  <ItemGroup>
    <ClCompile Include="DFA.cpp">
      <Filter>Source Files</Filter>
    </ClCompile>
    <ClCompile Include="DFAcode.cpp">
      <Filter>Source Files</Filter>
    </ClCompile>
    <ClCompile Include="Escape.cpp">
      <Filter>Source Files</Filter>
    </ClCompile>
    <ClCompile Include="LexGen.cpp">
      <Filter>Source Files</Filter>
    </ClCompile>
    <ClCompile Include="LexScanner.cpp">
      <Filter>Source Files</Filter>
    </ClCompile>
    <ClCompile Include="NFA.cpp">
      <Filter>Source Files</Filter>
    </ClCompile>
    <ClCompile Include="NFAParser.cpp">
      <Filter>Source Files</Filter>
    </ClCompile>
    <ClCompile Include="PrintUtil.cpp">
      <Filter>Source Files</Filter>
    </ClCompile>
    <ClCompile Include="StdAfx.cpp">
      <Filter>Source Files</Filter>
    </ClCompile>
    <ClCompile Include="..\parsergen\StringCollector.cpp">
      <Filter>Source Files</Filter>
    </ClCompile>
    <ClCompile Include="..\parsergen\TemplateWriter.cpp">
      <Filter>Source Files</Filter>
    </ClCompile>
    <ClCompile Include="..\parsergen\Wizard.cpp">
      <Filter>Source Files</Filter>
    </ClCompile>
  </ItemGroup>
  <ItemGroup>
    <ResourceCompile Include="LexGen.rc">
      <Filter>Source Files</Filter>
    </ResourceCompile>
  </ItemGroup>
  <ItemGroup>
    <ClInclude Include="DFA.h">
      <Filter>Header Files</Filter>
    </ClInclude>
    <ClInclude Include="LexScanner.h">
      <Filter>Header Files</Filter>
    </ClInclude>
    <ClInclude Include="NFA.h">
      <Filter>Header Files</Filter>
    </ClInclude>
    <ClInclude Include="StdAfx.h">
      <Filter>Header Files</Filter>
    </ClInclude>
    <ClInclude Include="..\parsergen\StringCollector.h">
      <Filter>Header Files</Filter>
    </ClInclude>
    <ClInclude Include="..\parsergen\TemplateWriter.h">
      <Filter>Header Files</Filter>
    </ClInclude>
    <ClInclude Include="..\parsergen\Wizard.h">
      <Filter>Header Files</Filter>
    </ClInclude>
  </ItemGroup>
  <ItemGroup>
    <None Include="..\lib\lexgencpp.par">
      <Filter>Resource Files</Filter>
    </None>
    <None Include="..\lib\lexgencpp.wzr">
      <Filter>Resource Files</Filter>
    </None>
    <None Include="..\lib\lexgenjava.par">
      <Filter>Resource Files</Filter>
    </None>
    <None Include="..\lib\lexgenjava.wzr">
      <Filter>Resource Files</Filter>
    </None>
  </ItemGroup>
</Project>