<?xml version="1.0" encoding="utf-8"?>
<Project ToolsVersion="4.0" xmlns="http://schemas.microsoft.com/developer/msbuild/2003">
  <ItemGroup>
    <Filter Include="Source Files">
      <UniqueIdentifier>{b6f92df7-a535-4fb7-a519-1093a5f786c5}</UniqueIdentifier>
      <Extensions>cpp;c;cxx;rc;def;r;odl;idl;hpj;bat</Extensions>
    </Filter>
    <Filter Include="Header Files">
      <UniqueIdentifier>{2a37697c-080f-4d95-a702-be91c64ce43c}</UniqueIdentifier>
      <Extensions>h;hpp;hxx;hm;inl</Extensions>
    </Filter>
  </ItemGroup>
  <ItemGroup>
    <ClCompile Include="DbTypeStr.cpp">
      <Filter>Source Files</Filter>
    </ClCompile>
    <ClCompile Include="HostVarList.cpp">
      <Filter>Source Files</Filter>
    </ClCompile>
    <ClCompile Include="SqlApi.cpp">
      <Filter>Source Files</Filter>
    </ClCompile>
    <ClCompile Include="SqlApiD.cpp">
      <Filter>Source Files</Filter>
    </ClCompile>
    <ClCompile Include="SqlBndWR.cpp">
      <Filter>Source Files</Filter>
    </ClCompile>
    <ClCompile Include="SqlCaError.cpp">
      <Filter>Source Files</Filter>
    </ClCompile>
    <ClCompile Include="SqlCom.cpp">
      <Filter>Source Files</Filter>
    </ClCompile>
    <ClCompile Include="stdafx.cpp">
      <Filter>Source Files</Filter>
    </ClCompile>
    <ClCompile Include="VarChar.cpp">
      <Filter>Source Files</Filter>
    </ClCompile>
  </ItemGroup>
  <ItemGroup>
    <ClInclude Include="SqlApi.h">
      <Filter>Header Files</Filter>
    </ClInclude>
    <ClInclude Include="SqlCom.h">
      <Filter>Header Files</Filter>
    </ClInclude>
    <ClInclude Include="stdafx.h">
      <Filter>Header Files</Filter>
    </ClInclude>
  </ItemGroup>
</Project>