<?xml version="1.0" encoding="utf-8"?>
<Project ToolsVersion="14.0" xmlns="http://schemas.microsoft.com/developer/msbuild/2003">
  <ItemGroup>
    <Filter Include="Resource Files">
      <UniqueIdentifier>{67DA6AB6-F800-4c08-8B7A-83BB121AAD01}</UniqueIdentifier>
      <Extensions>rc;ico;cur;bmp;dlg;rc2;rct;bin;rgs;gif;jpg;jpeg;jpe;resx;tga;tiff;tif;png;wav;mfcribbon-ms</Extensions>
    </Filter>
    <Filter Include="Source Files">
      <UniqueIdentifier>{66bc5ef0-d38c-4d50-9276-e6b3673b4294}</UniqueIdentifier>
    </Filter>
    <Filter Include="Header Files">
      <UniqueIdentifier>{d974eb51-6adc-47c7-963e-f2d9aa1d6b55}</UniqueIdentifier>
    </Filter>
    <Filter Include="Source Files\Asm Files">
      <UniqueIdentifier>{0f95d5a8-ec2f-4b4e-857b-b69c9711e495}</UniqueIdentifier>
    </Filter>
    <Filter Include="Source Files\Matrix">
      <UniqueIdentifier>{29781d5a-ecb0-48ee-a966-bc718cfe55b3}</UniqueIdentifier>
    </Filter>
    <Filter Include="Source Files\Number Types">
      <UniqueIdentifier>{17cdd2d4-75ab-41e7-bada-9b8f26f8c867}</UniqueIdentifier>
    </Filter>
    <Filter Include="Source Files\Curve Fitting">
      <UniqueIdentifier>{5baeaa4b-d3c8-4aa4-b071-ace3a4cf739e}</UniqueIdentifier>
    </Filter>
    <Filter Include="Source Files\Geometri">
      <UniqueIdentifier>{3051d91d-836a-4b59-9520-5ab6816f2c9b}</UniqueIdentifier>
    </Filter>
    <Filter Include="Source Files\Functions">
      <UniqueIdentifier>{87648fec-5156-4c1a-8e79-e23f73ea1c2f}</UniqueIdentifier>
    </Filter>
    <Filter Include="Source Files\Misc">
      <UniqueIdentifier>{7e1aa498-1f12-447d-aaa9-545466d9b731}</UniqueIdentifier>
    </Filter>
    <Filter Include="Header Files\Triangle">
      <UniqueIdentifier>{186d8b24-c503-420e-9e06-895f811aa236}</UniqueIdentifier>
    </Filter>
    <Filter Include="Source Files\Triangle">
      <UniqueIdentifier>{2de3b9ba-c913-496e-9b21-7c91010b72c6}</UniqueIdentifier>
    </Filter>
    <Filter Include="Source Files\Statistic">
      <UniqueIdentifier>{9718c338-1f37-45cd-afed-f8140daf355e}</UniqueIdentifier>
    </Filter>
  </ItemGroup>
  <ItemGroup>
    <ClCompile Include="ComplexMatrix.cpp">
      <Filter>Source Files\Matrix</Filter>
    </ClCompile>
    <ClCompile Include="ComplexMatrixSvd.cpp">
      <Filter>Source Files\Matrix</Filter>
    </ClCompile>
    <ClCompile Include="Gradient.cpp">
      <Filter>Source Files\Matrix</Filter>
    </ClCompile>
    <ClCompile Include="Jacobi.cpp">
      <Filter>Source Files\Matrix</Filter>
    </ClCompile>
    <ClCompile Include="Matrix.cpp">
      <Filter>Source Files\Matrix</Filter>
    </ClCompile>
    <ClCompile Include="MatrixSvd.cpp">
      <Filter>Source Files\Matrix</Filter>
    </ClCompile>
    <ClCompile Include="QRMatrix.cpp">
      <Filter>Source Files\Matrix</Filter>
    </ClCompile>
    <ClCompile Include="SolveTriDiag.cpp">
      <Filter>Source Files\Matrix</Filter>
    </ClCompile>
    <ClCompile Include="Complex.cpp">
      <Filter>Source Files\Number Types</Filter>
    </ClCompile>
    <ClCompile Include="Double80.cpp">
      <Filter>Source Files\Number Types</Filter>
    </ClCompile>
    <ClCompile Include="AkimaSpline.cpp">
      <Filter>Source Files\Curve Fitting</Filter>
    </ClCompile>
    <ClCompile Include="CommonSpline.cpp">
      <Filter>Source Files\Curve Fitting</Filter>
    </ClCompile>
    <ClCompile Include="CubicSpline.cpp">
      <Filter>Source Files\Curve Fitting</Filter>
    </ClCompile>
    <ClCompile Include="DataFit.cpp">
      <Filter>Source Files\Curve Fitting</Filter>
    </ClCompile>
    <ClCompile Include="FritschCarlsonSpline.cpp">
      <Filter>Source Files\Curve Fitting</Filter>
    </ClCompile>
    <ClCompile Include="LssdPolynomial.cpp">
      <Filter>Source Files\Curve Fitting</Filter>
    </ClCompile>
    <ClCompile Include="Polynomial.cpp">
      <Filter>Source Files\Curve Fitting</Filter>
    </ClCompile>
    <ClCompile Include="Rational.cpp">
      <Filter>Source Files\Number Types</Filter>
    </ClCompile>
    <ClCompile Include="RationalIO.cpp">
      <Filter>Source Files\Number Types</Filter>
    </ClCompile>
    <ClCompile Include="Double80Random.cpp">
      <Filter>Source Files\Number Types</Filter>
    </ClCompile>
    <ClCompile Include="fft.cpp">
      <Filter>Source Files\Curve Fitting</Filter>
    </ClCompile>
    <ClCompile Include="Newton.cpp">
      <Filter>Source Files\Matrix</Filter>
    </ClCompile>
    <ClCompile Include="Point2DTransformations.cpp">
      <Filter>Source Files\Geometri</Filter>
    </ClCompile>
    <ClCompile Include="Polygon2D.cpp">
      <Filter>Source Files\Geometri</Filter>
    </ClCompile>
    <ClCompile Include="Point2D.cpp">
      <Filter>Source Files\Geometri</Filter>
    </ClCompile>
    <ClCompile Include="Simplex.cpp">
      <Filter>Source Files\Matrix</Filter>
    </ClCompile>
    <ClCompile Include="GaussDistribution.cpp">
      <Filter>Source Files\Functions</Filter>
    </ClCompile>
    <ClCompile Include="TrigonometricFunctions.cpp">
      <Filter>Source Files\Functions</Filter>
    </ClCompile>
    <ClCompile Include="TrigonometricFunctionsD.cpp">
      <Filter>Source Files\Functions</Filter>
    </ClCompile>
    <ClCompile Include="TrigonometricFunctionsG.cpp">
      <Filter>Source Files\Functions</Filter>
    </ClCompile>
    <ClCompile Include="MathException.cpp">
      <Filter>Source Files\Misc</Filter>
    </ClCompile>
    <ClCompile Include="Rungekutta.cpp">
      <Filter>Source Files\Misc</Filter>
    </ClCompile>
    <ClCompile Include="SigmoidIterator.cpp">
      <Filter>Source Files\Misc</Filter>
    </ClCompile>
    <ClCompile Include="Int128IO.cpp">
      <Filter>Source Files\Number Types</Filter>
    </ClCompile>
    <ClCompile Include="Int128Str.cpp">
      <Filter>Source Files\Number Types</Filter>
    </ClCompile>
    <ClCompile Include="Int128x86.cpp">
      <Filter>Source Files\Number Types</Filter>
    </ClCompile>
    <ClCompile Include="Triangle.cpp">
      <Filter>Source Files\Triangle</Filter>
    </ClCompile>
    <ClCompile Include="TriangleMemory.cpp">
      <Filter>Source Files\Triangle</Filter>
    </ClCompile>
    <ClCompile Include="TriangleInfo.cpp">
      <Filter>Source Files\Triangle</Filter>
    </ClCompile>
    <ClCompile Include="TriangleIO.cpp">
      <Filter>Source Files\Triangle</Filter>
    </ClCompile>
    <ClCompile Include="RungekuttaFehlberg.cpp">
      <Filter>Source Files\Misc</Filter>
    </ClCompile>
    <ClCompile Include="ChiSquaredDistribution.cpp">
      <Filter>Source Files\Functions</Filter>
    </ClCompile>
    <ClCompile Include="PrimeFactors.cpp">
      <Filter>Source Files\Misc</Filter>
    </ClCompile>
    <ClCompile Include="GammaStirling.cpp">
      <Filter>Source Files\Functions</Filter>
    </ClCompile>
    <ClCompile Include="FindZeroes.cpp">
      <Filter>Source Files\Misc</Filter>
    </ClCompile>
    <ClCompile Include="Int128ToString.cpp">
      <Filter>Source Files\Number Types</Filter>
    </ClCompile>
    <ClCompile Include="Number.cpp">
      <Filter>Source Files\Number Types</Filter>
    </ClCompile>
    <ClCompile Include="Double80Str.cpp">
      <Filter>Source Files\Number Types</Filter>
    </ClCompile>
    <ClCompile Include="ComplexStr.cpp">
      <Filter>Source Files\Number Types</Filter>
    </ClCompile>
    <ClCompile Include="NumberStr.cpp">
      <Filter>Source Files\Number Types</Filter>
    </ClCompile>
    <ClCompile Include="RationalStr.cpp">
      <Filter>Source Files\Number Types</Filter>
    </ClCompile>
    <ClCompile Include="ComplexIO.cpp">
      <Filter>Source Files\Number Types</Filter>
    </ClCompile>
    <ClCompile Include="NumberIO.cpp">
      <Filter>Source Files\Number Types</Filter>
    </ClCompile>
    <ClCompile Include="DoubleFunctions.cpp">
      <Filter>Source Files\Functions</Filter>
    </ClCompile>
    <ClCompile Include="Double80IO.cpp">
      <Filter>Source Files\Number Types</Filter>
    </ClCompile>
    <ClCompile Include="FPU.cpp">
      <Filter>Source Files\Misc</Filter>
    </ClCompile>
    <ClCompile Include="Double80Packer.cpp">
      <Filter>Source Files\Number Types</Filter>
    </ClCompile>
    <ClCompile Include="Int128Packer.cpp">
      <Filter>Source Files\Number Types</Filter>
    </ClCompile>
    <ClCompile Include="RationalPacker.cpp">
      <Filter>Source Files\Number Types</Filter>
    </ClCompile>
    <ClCompile Include="FindExtremum.cpp">
      <Filter>Source Files\Misc</Filter>
    </ClCompile>
    <ClCompile Include="FPUString.cpp">
      <Filter>Source Files\Misc</Filter>
    </ClCompile>
    <ClCompile Include="Double80Pow10.cpp">
      <Filter>Source Files\Number Types</Filter>
    </ClCompile>
    <ClCompile Include="Double80x86.cpp">
      <Filter>Source Files\Number Types</Filter>
    </ClCompile>
    <ClCompile Include="gammaD64.cpp">
      <Filter>Source Files\Functions</Filter>
    </ClCompile>
    <ClCompile Include="GammaD80.cpp">
      <Filter>Source Files\Functions</Filter>
    </ClCompile>
    <ClCompile Include="RationalRandom.cpp">
      <Filter>Source Files\Number Types</Filter>
    </ClCompile>
    <ClCompile Include="ChiSquareGOFTest.cpp">
      <Filter>Source Files\Statistic</Filter>
    </ClCompile>
    <ClCompile Include="ChiSquareIndependentTest.cpp">
      <Filter>Source Files\Statistic</Filter>
    </ClCompile>
    <ClCompile Include="DescStatistic.cpp">
      <Filter>Source Files\Statistic</Filter>
    </ClCompile>
    <ClCompile Include="pch.cpp" />
    <ClCompile Include="ComplexVector.cpp">
      <Filter>Source Files\Matrix</Filter>
    </ClCompile>
  </ItemGroup>
  <ItemGroup>
    <Text Include="Triangle\ReadMe.txt">
      <Filter>Source Files\Triangle</Filter>
    </Text>
  </ItemGroup>
  <ItemGroup>
    <CustomBuild Include="Double80x64.asm">
      <Filter>Source Files\Asm Files</Filter>
    </CustomBuild>
    <CustomBuild Include="Int128x64.asm">
      <Filter>Source Files\Asm Files</Filter>
    </CustomBuild>
    <CustomBuild Include="Doublex64.asm">
      <Filter>Source Files\Asm Files</Filter>
    </CustomBuild>
  </ItemGroup>
  <ItemGroup>
    <ClInclude Include="..\..\Include\Math\AlgorithmHandler.h">
      <Filter>Header Files</Filter>
    </ClInclude>
    <ClInclude Include="..\..\Include\Math\BigReal.h">
      <Filter>Header Files</Filter>
    </ClInclude>
    <ClInclude Include="..\..\Include\Math\BigRealMatrix.h">
      <Filter>Header Files</Filter>
    </ClInclude>
    <ClInclude Include="..\..\Include\Math\Complex.h">
      <Filter>Header Files</Filter>
    </ClInclude>
    <ClInclude Include="..\..\Include\Math\Double80.h">
      <Filter>Header Files</Filter>
    </ClInclude>
    <ClInclude Include="..\..\Include\Math\fft.h">
      <Filter>Header Files</Filter>
    </ClInclude>
    <ClInclude Include="..\..\Include\Math\LUMatrixTemplate.h">
      <Filter>Header Files</Filter>
    </ClInclude>
    <ClInclude Include="..\..\Include\Math\MathException.h">
      <Filter>Header Files</Filter>
    </ClInclude>
    <ClInclude Include="..\..\Include\Math\MathLib.h">
      <Filter>Header Files</Filter>
    </ClInclude>
    <ClInclude Include="..\..\Include\Math\Matrix.h">
      <Filter>Header Files</Filter>
    </ClInclude>
    <ClInclude Include="..\..\Include\Math\MRisprime.h">
      <Filter>Header Files</Filter>
    </ClInclude>
    <ClInclude Include="..\..\Include\Math\Polynomial.h">
      <Filter>Header Files</Filter>
    </ClInclude>
    <ClInclude Include="..\..\Include\Math\PragmaLib.h">
      <Filter>Header Files</Filter>
    </ClInclude>
    <ClInclude Include="..\..\Include\Math\Rational.h">
      <Filter>Header Files</Filter>
    </ClInclude>
    <ClInclude Include="..\..\Include\Math\Real.h">
      <Filter>Header Files</Filter>
    </ClInclude>
    <ClInclude Include="..\..\Include\Math\SigmoidIterator.h">
      <Filter>Header Files</Filter>
    </ClInclude>
    <ClInclude Include="..\..\Include\Math\Simplex.h">
      <Filter>Header Files</Filter>
    </ClInclude>
    <ClInclude Include="..\..\Include\Math\Statistic.h">
      <Filter>Header Files</Filter>
    </ClInclude>
    <ClInclude Include="..\..\Include\Math\Transformation.h">
      <Filter>Header Files</Filter>
    </ClInclude>
    <ClInclude Include="..\..\Include\Math\Point2D.h">
      <Filter>Header Files</Filter>
    </ClInclude>
    <ClInclude Include="..\..\Include\Math\Point3D.h">
      <Filter>Header Files</Filter>
    </ClInclude>
    <ClInclude Include="..\..\Include\Math\Rectangle2D.h">
      <Filter>Header Files</Filter>
    </ClInclude>
    <ClInclude Include="..\..\Include\Math\Point2DTransformations.h">
      <Filter>Header Files</Filter>
    </ClInclude>
    <ClInclude Include="..\..\Include\Math\Polygon2D.h">
      <Filter>Header Files</Filter>
    </ClInclude>
    <ClInclude Include="..\..\Include\Math\Int128.h">
      <Filter>Header Files</Filter>
    </ClInclude>
    <ClInclude Include="..\..\Include\Math\Spherical.h">
      <Filter>Header Files</Filter>
    </ClInclude>
    <ClInclude Include="..\..\Include\Math\Triangle\Triangle.h">
      <Filter>Header Files\Triangle</Filter>
    </ClInclude>
    <ClInclude Include="MemoryPool.h">
      <Filter>Source Files\Triangle</Filter>
    </ClInclude>
    <ClInclude Include="..\..\Include\Math\RungekuttaFehlBerg.h">
      <Filter>Header Files</Filter>
    </ClInclude>
    <ClInclude Include="..\..\Include\Math\PrimeFactors.h">
      <Filter>Header Files</Filter>
    </ClInclude>
    <ClInclude Include="..\..\Include\Math\Number.h">
      <Filter>Header Files</Filter>
    </ClInclude>
    <ClInclude Include="..\..\Include\Math\Double64.h">
      <Filter>Header Files</Filter>
    </ClInclude>
    <ClInclude Include="..\..\Include\Math\FPU.h">
      <Filter>Header Files</Filter>
    </ClInclude>
    <ClInclude Include="..\..\Include\Math\BigRealInterval.h">
      <Filter>Header Files</Filter>
    </ClInclude>
    <ClInclude Include="..\..\Include\Math\BigRealTransformation.h">
      <Filter>Header Files</Filter>
    </ClInclude>
    <ClInclude Include="..\..\Include\Math\Int128Net.h">
      <Filter>Header Files</Filter>
    </ClInclude>
    <ClInclude Include="..\..\Include\Math\BigInt.h">
      <Filter>Header Files</Filter>
    </ClInclude>
    <ClInclude Include="..\..\Include\Math\BigRational.h">
      <Filter>Header Files</Filter>
    </ClInclude>
    <ClInclude Include="..\..\Include\Math\Double80Asmx64.h">
      <Filter>Header Files</Filter>
    </ClInclude>
    <ClInclude Include="..\..\Include\Math\Double80Asmx86.h">
      <Filter>Header Files</Filter>
    </ClInclude>
    <ClInclude Include="pch.h" />
    <ClInclude Include="targetver.h" />
    <ClInclude Include="..\..\Include\Math\Cube3D.h">
      <Filter>Header Files</Filter>
    </ClInclude>
  </ItemGroup>
  <ItemGroup>
    <None Include="FPU.inc">
      <Filter>Source Files\Asm Files</Filter>
    </None>
  </ItemGroup>
  <ItemGroup>
    <Natvis Include="Math.natvis" />
  </ItemGroup>
</Project>