<?xml version="1.0" encoding="utf-8"?>
<Project ToolsVersion="4.0" xmlns="http://schemas.microsoft.com/developer/msbuild/2003">
  <ItemGroup>
    <Filter Include="Source Files">
      <UniqueIdentifier>{215575f1-dfa0-44c8-8b0b-4a2ade1e66ab}</UniqueIdentifier>
      <Extensions>cpp;c;cxx;rc;def;r;odl;hpj;bat;for;f90</Extensions>
    </Filter>
    <Filter Include="Header Files">
      <UniqueIdentifier>{e9e20d03-5325-4389-bb13-c8b9d165dd38}</UniqueIdentifier>
      <Extensions>h;hpp;hxx;hm;inl;fi;fd</Extensions>
    </Filter>
    <Filter Include="Resource Files">
      <UniqueIdentifier>{223f5085-e3e9-481f-80f1-875fa6525e99}</UniqueIdentifier>
      <Extensions>ico;cur;bmp;dlg;rc2;rct;bin;cnt;rtf;gif;jpg;jpeg;jpe</Extensions>
    </Filter>
  </ItemGroup>
  <ItemGroup>
    <ClCompile Include="dibgrit.CPP">
      <Filter>Source Files</Filter>
    </ClCompile>
    <ClCompile Include="Dibwnd.cpp">
      <Filter>Source Files</Filter>
    </ClCompile>
    <ClCompile Include="drawhelp.cpp">
      <Filter>Source Files</Filter>
    </ClCompile>
    <ClCompile Include="grarray.cpp">
      <Filter>Source Files</Filter>
    </ClCompile>
    <ClCompile Include="Gritem.cpp">
      <Filter>Source Files</Filter>
    </ClCompile>
    <ClCompile Include="Maindlg.cpp">
      <Filter>Source Files</Filter>
    </ClCompile>
    <ClCompile Include="mtdibwnd.cpp">
      <Filter>Source Files</Filter>
    </ClCompile>
    <ClCompile Include="shadow.CPP">
      <Filter>Source Files</Filter>
    </ClCompile>
    <ClCompile Include="stdafx.cpp">
      <Filter>Source Files</Filter>
    </ClCompile>
    <ClCompile Include="testdib.cpp">
      <Filter>Source Files</Filter>
    </ClCompile>
  </ItemGroup>
  <ItemGroup>
    <ResourceCompile Include="testdib.rc">
      <Filter>Source Files</Filter>
    </ResourceCompile>
  </ItemGroup>
  <ItemGroup>
    <ClInclude Include="dibgrit.h">
      <Filter>Header Files</Filter>
    </ClInclude>
    <ClInclude Include="dibwnd.h">
      <Filter>Header Files</Filter>
    </ClInclude>
    <ClInclude Include="drawhelp.h">
      <Filter>Header Files</Filter>
    </ClInclude>
    <ClInclude Include="grarray.h">
      <Filter>Header Files</Filter>
    </ClInclude>
    <ClInclude Include="gritem.h">
      <Filter>Header Files</Filter>
    </ClInclude>
    <ClInclude Include="maindlg.h">
      <Filter>Header Files</Filter>
    </ClInclude>
    <ClInclude Include="mtdibwnd.h">
      <Filter>Header Files</Filter>
    </ClInclude>
    <ClInclude Include="shadow.h">
      <Filter>Header Files</Filter>
    </ClInclude>
    <ClInclude Include="StdAfx.h">
      <Filter>Header Files</Filter>
    </ClInclude>
    <ClInclude Include="testdib.h">
      <Filter>Header Files</Filter>
    </ClInclude>
  </ItemGroup>
  <ItemGroup>
    <Image Include="res\dibtest.ico">
      <Filter>Resource Files</Filter>
    </Image>
    <Image Include="res\test3.bmp">
      <Filter>Resource Files</Filter>
    </Image>
    <Image Include="res\test4.bmp">
      <Filter>Resource Files</Filter>
    </Image>
    <Image Include="res\test8.bmp">
      <Filter>Resource Files</Filter>
    </Image>
  </ItemGroup>
  <ItemGroup>
    <None Include="res\dibtest.rc2">
      <Filter>Resource Files</Filter>
    </None>
  </ItemGroup>
</Project>