<?xml version="1.0" encoding="utf-8"?>
<Project ToolsVersion="4.0" xmlns="http://schemas.microsoft.com/developer/msbuild/2003">
  <ItemGroup>
    <Filter Include="Source Files">
      <UniqueIdentifier>{4FC737F1-C7A5-4376-A066-2A32D752A2FF}</UniqueIdentifier>
      <Extensions>cpp;c;cc;cxx;def;odl;idl;hpj;bat;asm;asmx</Extensions>
    </Filter>
    <Filter Include="Header Files">
      <UniqueIdentifier>{93995380-89BD-4b04-88EB-625FBE52EBFB}</UniqueIdentifier>
      <Extensions>h;hh;hpp;hxx;hm;inl;inc;ipp;xsd</Extensions>
    </Filter>
    <Filter Include="Resource Files">
      <UniqueIdentifier>{67DA6AB6-F800-4c08-8B7A-83BB121AAD01}</UniqueIdentifier>
      <Extensions>rc;ico;cur;bmp;dlg;rc2;rct;bin;rgs;gif;jpg;jpeg;jpe;resx;tiff;tif;png;wav;mfcribbon-ms</Extensions>
    </Filter>
    <Filter Include="Source Files\ASM Files">
      <UniqueIdentifier>{5270365e-7346-489a-89e4-367841290a9a}</UniqueIdentifier>
    </Filter>
    <Filter Include="Source Files\Expression Grammar">
      <UniqueIdentifier>{2ab945d8-b267-4379-bbc8-238dda65457a}</UniqueIdentifier>
    </Filter>
    <Filter Include="Source Files\MachineCode">
      <UniqueIdentifier>{3c0bac24-bd3c-4455-909f-84e3baf74e4f}</UniqueIdentifier>
    </Filter>
  </ItemGroup>
  <ItemGroup>
    <ClInclude Include="targetver.h">
      <Filter>Header Files</Filter>
    </ClInclude>
    <ClInclude Include="..\..\Include\Math\Expression\Expression.h">
      <Filter>Header Files</Filter>
    </ClInclude>
    <ClInclude Include="..\..\Include\Math\Expression\ExpressionFactor.h">
      <Filter>Header Files</Filter>
    </ClInclude>
    <ClInclude Include="..\..\Include\Math\Expression\ExpressionFunction.h">
      <Filter>Header Files</Filter>
    </ClInclude>
    <ClInclude Include="..\..\Include\Math\Expression\ExpressionLex.h">
      <Filter>Header Files</Filter>
    </ClInclude>
    <ClInclude Include="..\..\Include\Math\Expression\ExpressionNode.h">
      <Filter>Header Files</Filter>
    </ClInclude>
    <ClInclude Include="..\..\Include\Math\Expression\ExpressionParser.h">
      <Filter>Header Files</Filter>
    </ClInclude>
    <ClInclude Include="..\..\Include\Math\Expression\ExpressionSymbol.h">
      <Filter>Header Files</Filter>
    </ClInclude>
    <ClInclude Include="..\..\Include\Math\Expression\ExpressionWrapper.h">
      <Filter>Header Files</Filter>
    </ClInclude>
    <ClInclude Include="..\..\Include\Math\Expression\MachineCode.h">
      <Filter>Header Files</Filter>
    </ClInclude>
    <ClInclude Include="..\..\Include\Math\Expression\ParserTree.h">
      <Filter>Header Files</Filter>
    </ClInclude>
    <ClInclude Include="..\..\Include\Math\Expression\ParserTreeSymbolTable.h">
      <Filter>Header Files</Filter>
    </ClInclude>
    <ClInclude Include="..\..\Include\Math\Expression\SNode.h">
      <Filter>Header Files</Filter>
    </ClInclude>
    <ClInclude Include="pch.h">
      <Filter>Source Files</Filter>
    </ClInclude>
    <ClInclude Include="..\..\Include\Math\Expression\PragmaLib.h">
      <Filter>Header Files</Filter>
    </ClInclude>
    <ClInclude Include="..\..\Include\Math\Expression\SNodeReduceDbgStack.h">
      <Filter>Header Files</Filter>
    </ClInclude>
    <ClInclude Include="CodeGeneration.h">
      <Filter>Source Files\MachineCode</Filter>
    </ClInclude>
    <ClInclude Include="ExpressionCompile.h">
      <Filter>Source Files\MachineCode</Filter>
    </ClInclude>
    <ClInclude Include="FPUEmulator.h">
      <Filter>Source Files\MachineCode</Filter>
    </ClInclude>
    <ClInclude Include="FunctionCall.h">
      <Filter>Source Files\MachineCode</Filter>
    </ClInclude>
    <ClInclude Include="ListFile.h">
      <Filter>Source Files\MachineCode</Filter>
    </ClInclude>
  </ItemGroup>
  <ItemGroup>
    <ClCompile Include="pch.cpp">
      <Filter>Source Files</Filter>
    </ClCompile>
    <ClCompile Include="Expression.cpp">
      <Filter>Source Files</Filter>
    </ClCompile>
    <ClCompile Include="ExpressionDerive.cpp">
      <Filter>Source Files</Filter>
    </ClCompile>
    <ClCompile Include="ExpressionFactor.cpp">
      <Filter>Source Files</Filter>
    </ClCompile>
    <ClCompile Include="ExpressionFunction.cpp">
      <Filter>Source Files</Filter>
    </ClCompile>
    <ClCompile Include="ExpressionHelp.cpp">
      <Filter>Source Files</Filter>
    </ClCompile>
    <ClCompile Include="ExpressionNode.cpp">
      <Filter>Source Files</Filter>
    </ClCompile>
    <ClCompile Include="ExpressionNodeCompare.cpp">
      <Filter>Source Files</Filter>
    </ClCompile>
    <ClCompile Include="ExpressionNodeEvaluate.cpp">
      <Filter>Source Files</Filter>
    </ClCompile>
    <ClCompile Include="ExpressionNodeNumber.cpp">
      <Filter>Source Files</Filter>
    </ClCompile>
    <ClCompile Include="ExpressionNodeProduct.cpp">
      <Filter>Source Files</Filter>
    </ClCompile>
    <ClCompile Include="ExpressionNodeSum.cpp">
      <Filter>Source Files</Filter>
    </ClCompile>
    <ClCompile Include="ExpressionNodeToRational.cpp">
      <Filter>Source Files</Filter>
    </ClCompile>
    <ClCompile Include="ExpressionNodeTree.cpp">
      <Filter>Source Files</Filter>
    </ClCompile>
    <ClCompile Include="ExpressionNodeVariable.cpp">
      <Filter>Source Files</Filter>
    </ClCompile>
    <ClCompile Include="ExpressionVariable.cpp">
      <Filter>Source Files</Filter>
    </ClCompile>
    <ClCompile Include="ExpressionWrapper.cpp">
      <Filter>Source Files</Filter>
    </ClCompile>
    <ClCompile Include="FactorArray.cpp">
      <Filter>Source Files</Filter>
    </ClCompile>
    <ClCompile Include="NodeOperators.cpp">
      <Filter>Source Files</Filter>
    </ClCompile>
    <ClCompile Include="NodeOperatorsCanonForm.cpp">
      <Filter>Source Files</Filter>
    </ClCompile>
    <ClCompile Include="NodeOperatorsStdForm.cpp">
      <Filter>Source Files</Filter>
    </ClCompile>
    <ClCompile Include="ParserTree.cpp">
      <Filter>Source Files</Filter>
    </ClCompile>
    <ClCompile Include="ParserTreeComplexity.cpp">
      <Filter>Source Files</Filter>
    </ClCompile>
    <ClCompile Include="ParserTreeGarbageCollect.cpp">
      <Filter>Source Files</Filter>
    </ClCompile>
    <ClCompile Include="ParserTreeOpCommon.cpp">
      <Filter>Source Files</Filter>
    </ClCompile>
    <ClCompile Include="ParserTreeReduce.cpp">
      <Filter>Source Files</Filter>
    </ClCompile>
    <ClCompile Include="ParserTreeSymbolTable.cpp">
      <Filter>Source Files</Filter>
    </ClCompile>
    <ClCompile Include="SNode.cpp">
      <Filter>Source Files</Filter>
    </ClCompile>
    <ClCompile Include="SNodeDerive.cpp">
      <Filter>Source Files</Filter>
    </ClCompile>
    <ClCompile Include="SNodeReduce.cpp">
      <Filter>Source Files</Filter>
    </ClCompile>
    <ClCompile Include="SNodeReduceDbgStack.cpp">
      <Filter>Source Files</Filter>
    </ClCompile>
    <ClCompile Include="NodeOperatorsNumericForm.cpp">
      <Filter>Source Files</Filter>
    </ClCompile>
    <ClCompile Include="ExpressionNodePoly.cpp">
      <Filter>Source Files</Filter>
    </ClCompile>
    <ClCompile Include="ExpressionNodeBoolExpr.cpp">
      <Filter>Source Files</Filter>
    </ClCompile>
    <ClCompile Include="ExpressionNodeStmtList.cpp">
      <Filter>Source Files</Filter>
    </ClCompile>
    <ClCompile Include="ExpressionNodeAssign.cpp">
      <Filter>Source Files</Filter>
    </ClCompile>
    <ClCompile Include="ExpressionNodeBoolConst.cpp">
      <Filter>Source Files</Filter>
    </ClCompile>
    <ClCompile Include="SNodeReduceAndOrNot.cpp">
      <Filter>Source Files</Filter>
    </ClCompile>
    <ClCompile Include="SNodeMultiplyPar.cpp">
      <Filter>Source Files</Filter>
    </ClCompile>
    <ClCompile Include="ExpressionAction.cpp">
      <Filter>Source Files\Expression Grammar</Filter>
    </ClCompile>
    <ClCompile Include="ExpressionLex.cpp">
      <Filter>Source Files\Expression Grammar</Filter>
    </ClCompile>
    <ClCompile Include="ExpressionTables.cpp">
      <Filter>Source Files\Expression Grammar</Filter>
    </ClCompile>
    <ClCompile Include="CodeGeneration.cpp">
      <Filter>Source Files\MachineCode</Filter>
    </ClCompile>
    <ClCompile Include="ExpressionCompile.cpp">
      <Filter>Source Files\MachineCode</Filter>
    </ClCompile>
    <ClCompile Include="FPUEmulator.cpp">
      <Filter>Source Files\MachineCode</Filter>
    </ClCompile>
    <ClCompile Include="FPUOpcodeHashMap.cpp">
      <Filter>Source Files\MachineCode</Filter>
    </ClCompile>
    <ClCompile Include="FunctionCall.cpp">
      <Filter>Source Files\MachineCode</Filter>
    </ClCompile>
    <ClCompile Include="ListFile.cpp">
      <Filter>Source Files\MachineCode</Filter>
    </ClCompile>
    <ClCompile Include="MachineCode.cpp">
      <Filter>Source Files\MachineCode</Filter>
    </ClCompile>
    <ClCompile Include="ExpressionAddent.cpp">
      <Filter>Source Files</Filter>
    </ClCompile>
  </ItemGroup>
  <ItemGroup>
    <Text Include="Expression.txt">
      <Filter>Source Files\Expression Grammar</Filter>
    </Text>
  </ItemGroup>
  <ItemGroup>
    <CustomBuild Include="Expression.lex">
      <Filter>Source Files\Expression Grammar</Filter>
    </CustomBuild>
    <CustomBuild Include="Expression.y">
      <Filter>Source Files\Expression Grammar</Filter>
    </CustomBuild>
    <CustomBuild Include="ExpressionCallx64.asm">
      <Filter>Source Files\ASM Files</Filter>
    </CustomBuild>
  </ItemGroup>
  <ItemGroup>
    <Natvis Include="Expression.natvis" />
  </ItemGroup>
</Project>