<?xml version="1.0" encoding="utf-8"?>
<Project ToolsVersion="4.0" xmlns="http://schemas.microsoft.com/developer/msbuild/2003">
  <ItemGroup>
    <Filter Include="Source Files">
      <UniqueIdentifier>{19981116-a311-46ba-bcf2-88bfc825ae5f}</UniqueIdentifier>
      <Extensions>cpp;c;cxx;rc;def;r;odl;idl;hpj;bat</Extensions>
    </Filter>
    <Filter Include="Header Files">
      <UniqueIdentifier>{3ef3a6d9-2232-489e-9cbb-9bb0cf3ffa6d}</UniqueIdentifier>
      <Extensions>h;hpp;hxx;hm;inl</Extensions>
    </Filter>
    <Filter Include="Resource Files">
      <UniqueIdentifier>{fe461d82-9e73-437b-b3c6-cf6dccaab45f}</UniqueIdentifier>
      <Extensions>ico;cur;bmp;dlg;rc2;rct;bin;rgs;gif;jpg;jpeg;jpe</Extensions>
    </Filter>
  </ItemGroup>
  <ItemGroup>
    <ClCompile Include="BacksideDialog.cpp">
      <Filter>Source Files</Filter>
    </ClCompile>
    <ClCompile Include="CardBitmap.cpp">
      <Filter>Source Files</Filter>
    </ClCompile>
    <ClCompile Include="CardButton.cpp">
      <Filter>Source Files</Filter>
    </ClCompile>
    <ClCompile Include="CardHand.cpp">
      <Filter>Source Files</Filter>
    </ClCompile>
    <ClCompile Include="CardIndexSet.cpp">
      <Filter>Source Files</Filter>
    </ClCompile>
    <ClCompile Include="CardStatistic.cpp">
      <Filter>Source Files</Filter>
    </ClCompile>
    <ClCompile Include="Communication.cpp">
      <Filter>Source Files</Filter>
    </ClCompile>
    <ClCompile Include="DecideGameDialog.cpp">
      <Filter>Source Files</Filter>
    </ClCompile>
    <ClCompile Include="DecideGameTrainingDialog.cpp">
      <Filter>Source Files</Filter>
    </ClCompile>
    <ClCompile Include="DecideGameTrainingSet.cpp">
      <Filter>Source Files</Filter>
    </ClCompile>
    <ClCompile Include="GameDescription.cpp">
      <Filter>Source Files</Filter>
    </ClCompile>
    <ClCompile Include="GameHistory.cpp">
      <Filter>Source Files</Filter>
    </ClCompile>
    <ClCompile Include="GameTypes.cpp">
      <Filter>Source Files</Filter>
    </ClCompile>
    <ClCompile Include="IdentifyDialog.cpp">
      <Filter>Source Files</Filter>
    </ClCompile>
    <ClCompile Include="log.cpp">
      <Filter>Source Files</Filter>
    </ClCompile>
    <ClCompile Include="PlayerOptions.cpp">
      <Filter>Source Files</Filter>
    </ClCompile>
    <ClCompile Include="RulesDialog.cpp">
      <Filter>Source Files</Filter>
    </ClCompile>
    <ClCompile Include="StdAfx.cpp">
      <Filter>Source Files</Filter>
    </ClCompile>
    <ClCompile Include="SummaryDialog.cpp">
      <Filter>Source Files</Filter>
    </ClCompile>
    <ClCompile Include="Whist3.cpp">
      <Filter>Source Files</Filter>
    </ClCompile>
    <ClCompile Include="Whist3Dialog.cpp">
      <Filter>Source Files</Filter>
    </ClCompile>
    <ClCompile Include="Whist3Eplayer.cpp">
      <Filter>Source Files</Filter>
    </ClCompile>
    <ClCompile Include="Whist3Player.cpp">
      <Filter>Source Files</Filter>
    </ClCompile>
  </ItemGroup>
  <ItemGroup>
    <ResourceCompile Include="Whist3.rc">
      <Filter>Source Files</Filter>
    </ResourceCompile>
  </ItemGroup>
  <ItemGroup>
    <ClInclude Include="BacksideDialog.h">
      <Filter>Header Files</Filter>
    </ClInclude>
    <ClInclude Include="CardBitmap.h">
      <Filter>Header Files</Filter>
    </ClInclude>
    <ClInclude Include="CardButton.h">
      <Filter>Header Files</Filter>
    </ClInclude>
    <ClInclude Include="Communication.h">
      <Filter>Header Files</Filter>
    </ClInclude>
    <ClInclude Include="DecideGameDialog.h">
      <Filter>Header Files</Filter>
    </ClInclude>
    <ClInclude Include="DecideGameTrainingDialog.h">
      <Filter>Header Files</Filter>
    </ClInclude>
    <ClInclude Include="Gametypes.h">
      <Filter>Header Files</Filter>
    </ClInclude>
    <ClInclude Include="IdentifyDialog.h">
      <Filter>Header Files</Filter>
    </ClInclude>
    <ClInclude Include="Resource.h">
      <Filter>Header Files</Filter>
    </ClInclude>
    <ClInclude Include="RulesDialog.h">
      <Filter>Header Files</Filter>
    </ClInclude>
    <ClInclude Include="StdAfx.h">
      <Filter>Header Files</Filter>
    </ClInclude>
    <ClInclude Include="SummaryDialog.h">
      <Filter>Header Files</Filter>
    </ClInclude>
    <ClInclude Include="whist3.h">
      <Filter>Header Files</Filter>
    </ClInclude>
    <ClInclude Include="Whist3Dialog.h">
      <Filter>Header Files</Filter>
    </ClInclude>
    <ClInclude Include="Whist3EPlayer.h">
      <Filter>Header Files</Filter>
    </ClInclude>
    <ClInclude Include="Whist3Player.h">
      <Filter>Header Files</Filter>
    </ClInclude>
  </ItemGroup>
  <ItemGroup>
    <Image Include="res\CARDSBMP.BMP">
      <Filter>Resource Files</Filter>
    </Image>
    <Image Include="res\whist3.ico">
      <Filter>Resource Files</Filter>
    </Image>
  </ItemGroup>
  <ItemGroup>
    <CustomBuild Include="res\whist3.rc2">
      <Filter>Resource Files</Filter>
    </CustomBuild>
  </ItemGroup>
</Project>