<?xml version="1.0" encoding="utf-8"?>
<Project ToolsVersion="4.0" xmlns="http://schemas.microsoft.com/developer/msbuild/2003">
  <ItemGroup>
    <Filter Include="Source Files">
      <UniqueIdentifier>{4FC737F1-C7A5-4376-A066-2A32D752A2FF}</UniqueIdentifier>
      <Extensions>cpp;c;cc;cxx;def;odl;idl;hpj;bat;asm;asmx</Extensions>
    </Filter>
    <Filter Include="Header Files">
      <UniqueIdentifier>{93995380-89BD-4b04-88EB-625FBE52EBFB}</UniqueIdentifier>
      <Extensions>h;hh;hpp;hxx;hm;inl;inc;xsd</Extensions>
    </Filter>
    <Filter Include="Resource Files">
      <UniqueIdentifier>{67DA6AB6-F800-4c08-8B7A-83BB121AAD01}</UniqueIdentifier>
      <Extensions>rc;ico;cur;bmp;dlg;rc2;rct;bin;rgs;gif;jpg;jpeg;jpe;resx;tiff;tif;png;wav;mfcribbon-ms</Extensions>
    </Filter>
    <Filter Include="Header Files\CoordinateSystem">
      <UniqueIdentifier>{5ec638d0-67f5-4473-a8d4-3d19bf50bbe3}</UniqueIdentifier>
    </Filter>
    <Filter Include="Source Files\CoordinateSystem">
      <UniqueIdentifier>{e6b67019-3e20-40e3-aa37-5b82862ad560}</UniqueIdentifier>
    </Filter>
    <Filter Include="Header Files\EditListCtrl">
      <UniqueIdentifier>{f180d240-65ec-4637-aaf3-aaceb3ebb44c}</UniqueIdentifier>
    </Filter>
    <Filter Include="Source Files\EditListCtrl">
      <UniqueIdentifier>{5ebfe9d4-c309-475d-8ac8-0584259ee417}</UniqueIdentifier>
    </Filter>
  </ItemGroup>
  <ItemGroup>
    <ClCompile Include="Viewport2D.cpp">
      <Filter>Source Files</Filter>
    </ClCompile>
    <ClCompile Include="BitmapBits.cpp">
      <Filter>Source Files</Filter>
    </ClCompile>
    <ClCompile Include="BitmapTools.cpp">
      <Filter>Source Files</Filter>
    </ClCompile>
    <ClCompile Include="ClipboardBitmap.cpp">
      <Filter>Source Files</Filter>
    </ClCompile>
    <ClCompile Include="ClipboardDropFiles.cpp">
      <Filter>Source Files</Filter>
    </ClCompile>
    <ClCompile Include="ClipboardText.cpp">
      <Filter>Source Files</Filter>
    </ClCompile>
    <ClCompile Include="ColoredStatic.cpp">
      <Filter>Source Files</Filter>
    </ClCompile>
    <ClCompile Include="ComboBoxWithHistory.cpp">
      <Filter>Source Files</Filter>
    </ClCompile>
    <ClCompile Include="ConfirmDlg.cpp">
      <Filter>Source Files</Filter>
    </ClCompile>
    <ClCompile Include="CursorTools.cpp">
      <Filter>Source Files</Filter>
    </ClCompile>
    <ClCompile Include="EditWithSpinButton.cpp">
      <Filter>Source Files</Filter>
    </ClCompile>
    <ClCompile Include="GetMessageName.cpp">
      <Filter>Source Files</Filter>
    </ClCompile>
    <ClCompile Include="GetTabOrderArray.cpp">
      <Filter>Source Files</Filter>
    </ClCompile>
    <ClCompile Include="IconInfo.cpp">
      <Filter>Source Files</Filter>
    </ClCompile>
    <ClCompile Include="IconTools.cpp">
      <Filter>Source Files</Filter>
    </ClCompile>
    <ClCompile Include="InteractiveRunnable.cpp">
      <Filter>Source Files</Filter>
    </ClCompile>
    <ClCompile Include="IsBorderHit.cpp">
      <Filter>Source Files</Filter>
    </ClCompile>
    <ClCompile Include="LayoutAttribute.cpp">
      <Filter>Source Files</Filter>
    </ClCompile>
    <ClCompile Include="LayoutManager.cpp">
      <Filter>Source Files</Filter>
    </ClCompile>
    <ClCompile Include="ListCtrlLayoutAttribute.cpp">
      <Filter>Source Files</Filter>
    </ClCompile>
    <ClCompile Include="ListCtrlTools.cpp">
      <Filter>Source Files</Filter>
    </ClCompile>
    <ClCompile Include="MenuTools.cpp">
      <Filter>Source Files</Filter>
    </ClCompile>
    <ClCompile Include="Message.cpp">
      <Filter>Source Files</Filter>
    </ClCompile>
    <ClCompile Include="MoveFileToTrachCan.cpp">
      <Filter>Source Files</Filter>
    </ClCompile>
    <ClCompile Include="NofifyIcon.cpp">
      <Filter>Source Files</Filter>
    </ClCompile>
    <ClCompile Include="OBMButton.cpp">
      <Filter>Source Files</Filter>
    </ClCompile>
    <ClCompile Include="ProgressDlg.cpp">
      <Filter>Source Files</Filter>
    </ClCompile>
    <ClCompile Include="ProgressWindow.cpp">
      <Filter>Source Files</Filter>
    </ClCompile>
    <ClCompile Include="ProgressWithPctCtrl.cpp">
      <Filter>Source Files</Filter>
    </ClCompile>
    <ClCompile Include="SelectDirDlg.cpp">
      <Filter>Source Files</Filter>
    </ClCompile>
    <ClCompile Include="SetControlText.cpp">
      <Filter>Source Files</Filter>
    </ClCompile>
    <ClCompile Include="ShowBitmap.cpp">
      <Filter>Source Files</Filter>
    </ClCompile>
    <ClCompile Include="SimpleLayoutManager.cpp">
      <Filter>Source Files</Filter>
    </ClCompile>
    <ClCompile Include="StaticBottomAligned.cpp">
      <Filter>Source Files</Filter>
    </ClCompile>
    <ClCompile Include="TextOutTransparentBackground.cpp">
      <Filter>Source Files</Filter>
    </ClCompile>
    <ClCompile Include="WinText.cpp">
      <Filter>Source Files</Filter>
    </ClCompile>
    <ClCompile Include="WinTools.cpp">
      <Filter>Source Files</Filter>
    </ClCompile>
    <ClCompile Include="ColorSpace.cpp">
      <Filter>Source Files</Filter>
    </ClCompile>
    <ClCompile Include="Picture.cpp">
      <Filter>Source Files</Filter>
    </ClCompile>
    <ClCompile Include="BitmapToByteArray.cpp">
      <Filter>Source Files</Filter>
    </ClCompile>
    <ClCompile Include="FileSink.cpp">
      <Filter>Source Files</Filter>
    </ClCompile>
    <ClCompile Include="FileSrc.cpp">
      <Filter>Source Files</Filter>
    </ClCompile>
    <ClCompile Include="AnimatedImage.cpp">
      <Filter>Source Files</Filter>
    </ClCompile>
    <ClCompile Include="GifCtrl.cpp">
      <Filter>Source Files</Filter>
    </ClCompile>
    <ClCompile Include="PixRect.cpp">
      <Filter>Source Files</Filter>
    </ClCompile>
    <ClCompile Include="PixRectBlend.cpp">
      <Filter>Source Files</Filter>
    </ClCompile>
    <ClCompile Include="PixRectError.cpp">
      <Filter>Source Files</Filter>
    </ClCompile>
    <ClCompile Include="PixelAccessor.cpp">
      <Filter>Source Files</Filter>
    </ClCompile>
    <ClCompile Include="CoordinateSystem\AbstractAxisPainter.cpp">
      <Filter>Source Files\CoordinateSystem</Filter>
    </ClCompile>
    <ClCompile Include="CoordinateSystem\AxisType.cpp">
      <Filter>Source Files\CoordinateSystem</Filter>
    </ClCompile>
    <ClCompile Include="CoordinateSystem\CoordinateSystem.cpp">
      <Filter>Source Files\CoordinateSystem</Filter>
    </ClCompile>
    <ClCompile Include="CoordinateSystem\DataRange.cpp">
      <Filter>Source Files\CoordinateSystem</Filter>
    </ClCompile>
    <ClCompile Include="CoordinateSystem\DateAxisPainter.cpp">
      <Filter>Source Files\CoordinateSystem</Filter>
    </ClCompile>
    <ClCompile Include="CoordinateSystem\LinearAxisPainter.cpp">
      <Filter>Source Files\CoordinateSystem</Filter>
    </ClCompile>
    <ClCompile Include="CoordinateSystem\LogarithmicAxisPainter.cpp">
      <Filter>Source Files\CoordinateSystem</Filter>
    </ClCompile>
    <ClCompile Include="CoordinateSystem\NormalDistributionAxisPainter.cpp">
      <Filter>Source Files\CoordinateSystem</Filter>
    </ClCompile>
    <ClCompile Include="CoordinateSystem\SystemPainter.cpp">
      <Filter>Source Files\CoordinateSystem</Filter>
    </ClCompile>
    <ClCompile Include="TextOut.cpp">
      <Filter>Source Files</Filter>
    </ClCompile>
    <ClCompile Include="ExpressionGraphics.cpp">
      <Filter>Source Files</Filter>
    </ClCompile>
    <ClCompile Include="PixRectOperators.cpp">
      <Filter>Source Files</Filter>
    </ClCompile>
    <ClCompile Include="PixRectShapes.cpp">
      <Filter>Source Files</Filter>
    </ClCompile>
    <ClCompile Include="MyPolygon.cpp">
      <Filter>Source Files</Filter>
    </ClCompile>
    <ClCompile Include="PixRectFill.cpp">
      <Filter>Source Files</Filter>
    </ClCompile>
    <ClCompile Include="PixRectScale.cpp">
      <Filter>Source Files</Filter>
    </ClCompile>
    <ClCompile Include="ShapeFunctions.cpp">
      <Filter>Source Files</Filter>
    </ClCompile>
    <ClCompile Include="CoordinateSystem\OccupationMap.cpp">
      <Filter>Source Files\CoordinateSystem</Filter>
    </ClCompile>
    <ClCompile Include="GotoMatchingParanthes.cpp">
      <Filter>Source Files</Filter>
    </ClCompile>
    <ClCompile Include="PixRectRotate.cpp">
      <Filter>Source Files</Filter>
    </ClCompile>
    <ClCompile Include="DeleteButton.cpp">
      <Filter>Source Files</Filter>
    </ClCompile>
    <ClCompile Include="TableModel.cpp">
      <Filter>Source Files</Filter>
    </ClCompile>
    <ClCompile Include="MMCapture.cpp">
      <Filter>Source Files</Filter>
    </ClCompile>
    <ClCompile Include="PixRectIO.cpp">
      <Filter>Source Files</Filter>
    </ClCompile>
    <ClCompile Include="pch.cpp" />
    <ClCompile Include="SliderCtrlWithTransformation.cpp">
      <Filter>Source Files</Filter>
    </ClCompile>
    <ClCompile Include="AviFile.cpp">
      <Filter>Source Files</Filter>
    </ClCompile>
    <ClCompile Include="PixRectAverageColor.cpp">
      <Filter>Source Files</Filter>
    </ClCompile>
    <ClCompile Include="PixRectFilter.cpp">
      <Filter>Source Files</Filter>
    </ClCompile>
    <ClCompile Include="PixRectFont.cpp">
      <Filter>Source Files</Filter>
    </ClCompile>
    <ClCompile Include="Fixed.cpp">
      <Filter>Source Files</Filter>
    </ClCompile>
    <ClCompile Include="PolygonCurve.cpp">
      <Filter>Source Files</Filter>
    </ClCompile>
    <ClCompile Include="ColorDlg.cpp">
      <Filter>Source Files</Filter>
    </ClCompile>
    <ClCompile Include="colormap.cpp">
      <Filter>Source Files</Filter>
    </ClCompile>
    <ClCompile Include="PropertyDialogMap.cpp">
      <Filter>Source Files</Filter>
    </ClCompile>
    <ClCompile Include="2DXML.cpp">
      <Filter>Source Files</Filter>
    </ClCompile>
    <ClCompile Include="AlphaBlend.cpp">
      <Filter>Source Files</Filter>
    </ClCompile>
    <ClCompile Include="ExprDialog.cpp">
      <Filter>Source Files</Filter>
    </ClCompile>
    <ClCompile Include="CIEColorSpace.cpp">
      <Filter>Source Files</Filter>
    </ClCompile>
    <ClCompile Include="PixRectDevice.cpp">
      <Filter>Source Files</Filter>
    </ClCompile>
    <ClCompile Include="BitmapCodec.cpp">
      <Filter>Source Files</Filter>
    </ClCompile>
    <ClCompile Include="BitmapCodecJPG.cpp">
      <Filter>Source Files</Filter>
    </ClCompile>
    <ClCompile Include="BitmapCodecPNG.cpp">
      <Filter>Source Files</Filter>
    </ClCompile>
    <ClCompile Include="BitmapCodecTIFF.cpp">
      <Filter>Source Files</Filter>
    </ClCompile>
    <ClCompile Include="BitmapCodecBMP.cpp">
      <Filter>Source Files</Filter>
    </ClCompile>
    <ClCompile Include="TreeCtrlWalker.cpp">
      <Filter>Source Files</Filter>
    </ClCompile>
    <ClCompile Include="PointToString.cpp">
      <Filter>Source Files</Filter>
    </ClCompile>
    <ClCompile Include="PointSet.cpp">
      <Filter>Source Files</Filter>
    </ClCompile>
    <ClCompile Include="BackgroundSaver.cpp">
      <Filter>Source Files</Filter>
    </ClCompile>
    <ClCompile Include="SelectMultipleFileNames.cpp">
      <Filter>Source Files</Filter>
    </ClCompile>
    <ClCompile Include="EditListBooleanEditor.cpp">
      <Filter>Source Files\EditListCtrl</Filter>
    </ClCompile>
    <ClCompile Include="EditListCtrl.cpp">
      <Filter>Source Files\EditListCtrl</Filter>
    </ClCompile>
    <ClCompile Include="EditListNumericEditor.cpp">
      <Filter>Source Files\EditListCtrl</Filter>
    </ClCompile>
    <ClCompile Include="EditListStringCombo.cpp">
      <Filter>Source Files\EditListCtrl</Filter>
    </ClCompile>
    <ClCompile Include="EditListStringEditor.cpp">
      <Filter>Source Files\EditListCtrl</Filter>
    </ClCompile>
    <ClCompile Include="CEditCaretPos.cpp">
      <Filter>Source Files</Filter>
    </ClCompile>
    <ClCompile Include="HWNDTools.cpp">
      <Filter>Source Files</Filter>
    </ClCompile>
    <ClCompile Include="CreateView.cpp">
      <Filter>Source Files</Filter>
    </ClCompile>
    <ClCompile Include="PropertyDialog.cpp">
      <Filter>Source Files</Filter>
    </ClCompile>
    <ClCompile Include="PropertyDialogThread.cpp">
      <Filter>Source Files</Filter>
    </ClCompile>
    <ClCompile Include="DirectXDeviceFactory.cpp">
      <Filter>Source Files</Filter>
    </ClCompile>
    <ClCompile Include="DirectXErrorMsg.cpp">
      <Filter>Source Files</Filter>
    </ClCompile>
    <ClCompile Include="InterInteractiveRunnableWrapper.cpp">
      <Filter>Source Files</Filter>
    </ClCompile>
  </ItemGroup>
  <ItemGroup>
    <ClInclude Include="..\..\Include\MFCUtil\Viewport2D.h">
      <Filter>Header Files</Filter>
    </ClInclude>
    <ClInclude Include="..\..\Include\MFCUtil\AbstractMouseHandler.h">
      <Filter>Header Files</Filter>
    </ClInclude>
    <ClInclude Include="..\..\Include\MFCUtil\ColoredStatic.h">
      <Filter>Header Files</Filter>
    </ClInclude>
    <ClInclude Include="..\..\Include\MFCUtil\ConfirmDlg.h">
      <Filter>Header Files</Filter>
    </ClInclude>
    <ClInclude Include="..\..\Include\MFCUtil\EditWithSpinButton.h">
      <Filter>Header Files</Filter>
    </ClInclude>
    <ClInclude Include="..\..\Include\MFCUtil\InteractiveRunnable.h">
      <Filter>Header Files</Filter>
    </ClInclude>
    <ClInclude Include="..\..\Include\MFCUtil\LayoutManager.h">
      <Filter>Header Files</Filter>
    </ClInclude>
    <ClInclude Include="..\..\Include\MFCUtil\OBMButton.h">
      <Filter>Header Files</Filter>
    </ClInclude>
    <ClInclude Include="..\..\Include\MFCUtil\ProgressWindow.h">
      <Filter>Header Files</Filter>
    </ClInclude>
    <ClInclude Include="..\..\Include\MFCUtil\ProgressWithPctCtrl.h">
      <Filter>Header Files</Filter>
    </ClInclude>
    <ClInclude Include="..\..\Include\MFCUtil\SelectDirDlg.h">
      <Filter>Header Files</Filter>
    </ClInclude>
    <ClInclude Include="..\..\Include\MFCUtil\StaticBottomAligned.h">
      <Filter>Header Files</Filter>
    </ClInclude>
    <ClInclude Include="..\..\Include\MFCUtil\WinTools.h">
      <Filter>Header Files</Filter>
    </ClInclude>
    <ClInclude Include="..\..\Include\MFCUtil\Clipboard.h">
      <Filter>Header Files</Filter>
    </ClInclude>
    <ClInclude Include="..\..\Include\MFCUtil\ComboBoxWithHistory.h">
      <Filter>Header Files</Filter>
    </ClInclude>
    <ClInclude Include="..\..\Include\MFCUtil\ColorSpace.h">
      <Filter>Header Files</Filter>
    </ClInclude>
    <ClInclude Include="..\..\Include\MFCUtil\resource.h">
      <Filter>Header Files</Filter>
    </ClInclude>
    <ClInclude Include="..\..\Include\MFCUtil\Picture.h">
      <Filter>Header Files</Filter>
    </ClInclude>
    <ClInclude Include="..\..\Include\MFCUtil\FileSrc.h">
      <Filter>Header Files</Filter>
    </ClInclude>
    <ClInclude Include="..\..\Include\MFCUtil\GifCtrl.h">
      <Filter>Header Files</Filter>
    </ClInclude>
    <ClInclude Include="..\..\Include\MFCUtil\AnimatedImage.h">
      <Filter>Header Files</Filter>
    </ClInclude>
    <ClInclude Include="..\..\Include\MFCUtil\PixRect.h">
      <Filter>Header Files</Filter>
    </ClInclude>
    <ClInclude Include="..\..\Include\MFCUtil\CoordinateSystem\AbstractAxisPainter.h">
      <Filter>Header Files\CoordinateSystem</Filter>
    </ClInclude>
    <ClInclude Include="..\..\Include\MFCUtil\CoordinateSystem\AxisType.h">
      <Filter>Header Files\CoordinateSystem</Filter>
    </ClInclude>
    <ClInclude Include="..\..\Include\MFCUtil\CoordinateSystem\CoordinateSystem.h">
      <Filter>Header Files\CoordinateSystem</Filter>
    </ClInclude>
    <ClInclude Include="..\..\Include\MFCUtil\CoordinateSystem\DataRange.h">
      <Filter>Header Files\CoordinateSystem</Filter>
    </ClInclude>
    <ClInclude Include="..\..\Include\MFCUtil\CoordinateSystem\DateAxisPainter.h">
      <Filter>Header Files\CoordinateSystem</Filter>
    </ClInclude>
    <ClInclude Include="..\..\Include\MFCUtil\CoordinateSystem\LinearAxisPainter.h">
      <Filter>Header Files\CoordinateSystem</Filter>
    </ClInclude>
    <ClInclude Include="..\..\Include\MFCUtil\CoordinateSystem\LogarithmicAxisPainter.h">
      <Filter>Header Files\CoordinateSystem</Filter>
    </ClInclude>
    <ClInclude Include="..\..\Include\MFCUtil\CoordinateSystem\NormalDistributionAxisPainter.h">
      <Filter>Header Files\CoordinateSystem</Filter>
    </ClInclude>
    <ClInclude Include="..\..\Include\MFCUtil\CoordinateSystem\SystemPainter.h">
      <Filter>Header Files\CoordinateSystem</Filter>
    </ClInclude>
    <ClInclude Include="..\..\Include\MFCUtil\ExpressionGraphics.h">
      <Filter>Header Files</Filter>
    </ClInclude>
    <ClInclude Include="..\..\Include\MFCUtil\ShapeFunctions.h">
      <Filter>Header Files</Filter>
    </ClInclude>
    <ClInclude Include="..\..\Include\MFCUtil\DeleteButton.h">
      <Filter>Header Files</Filter>
    </ClInclude>
    <ClInclude Include="..\..\Include\MFCUtil\MMCapture.h">
      <Filter>Header Files</Filter>
    </ClInclude>
    <ClInclude Include="CoordinateSystem\pch.h">
      <Filter>Source Files\CoordinateSystem</Filter>
    </ClInclude>
    <ClInclude Include="pch.h" />
    <ClInclude Include="targetver.h" />
    <ClInclude Include="..\..\Include\MFCUtil\SliderCtrlWithTransformation.h">
      <Filter>Header Files</Filter>
    </ClInclude>
    <ClInclude Include="..\..\Include\MFCUtil\CommontCtrlManifest.h">
      <Filter>Header Files</Filter>
    </ClInclude>
    <ClInclude Include="..\..\Include\MFCUtil\Avifile.h">
      <Filter>Header Files</Filter>
    </ClInclude>
    <ClInclude Include="..\..\Include\MFCUtil\Point2DP.h">
      <Filter>Header Files</Filter>
    </ClInclude>
    <ClInclude Include="..\..\Include\MFCUtil\PolygonCurve.h">
      <Filter>Header Files</Filter>
    </ClInclude>
    <ClInclude Include="..\..\Include\MFCUtil\PragmaLib.h">
      <Filter>Header Files</Filter>
    </ClInclude>
    <ClInclude Include="..\..\Include\MFCUtil\_Font.h">
      <Filter>Header Files</Filter>
    </ClInclude>
    <ClInclude Include="..\..\Include\MFCUtil\ColorDlg.h">
      <Filter>Header Files</Filter>
    </ClInclude>
    <ClInclude Include="..\..\Include\MFCUtil\colormap.h">
      <Filter>Header Files</Filter>
    </ClInclude>
    <ClInclude Include="..\..\Include\MFCUtil\ColormapDialog.h">
      <Filter>Header Files</Filter>
    </ClInclude>
    <ClInclude Include="..\..\Include\MFCUtil\PropertyDialog.h">
      <Filter>Header Files</Filter>
    </ClInclude>
    <ClInclude Include="..\..\Include\MFCUtil\PropertyDialogMap.h">
      <Filter>Header Files</Filter>
    </ClInclude>
    <ClInclude Include="..\..\Include\MFCUtil\2DXML.h">
      <Filter>Header Files</Filter>
    </ClInclude>
    <ClInclude Include="..\..\Include\MFCUtil\ExprDialog.h">
      <Filter>Header Files</Filter>
    </ClInclude>
    <ClInclude Include="BitmapCodec.h">
      <Filter>Source Files</Filter>
    </ClInclude>
    <ClInclude Include="..\..\Include\MFCUtil\TreeCtrlWalker.h">
      <Filter>Header Files</Filter>
    </ClInclude>
    <ClInclude Include="..\..\Include\MFCUtil\PointSet.h">
      <Filter>Header Files</Filter>
    </ClInclude>
    <ClInclude Include="..\..\Include\MFCUtil\EditListStringEditor.h">
      <Filter>Header Files\EditListCtrl</Filter>
    </ClInclude>
    <ClInclude Include="..\..\Include\MFCUtil\EditListStringCombo.h">
      <Filter>Header Files\EditListCtrl</Filter>
    </ClInclude>
    <ClInclude Include="..\..\Include\MFCUtil\EditListNumericEditor.h">
      <Filter>Header Files\EditListCtrl</Filter>
    </ClInclude>
    <ClInclude Include="..\..\Include\MFCUtil\EditListCtrl.h">
      <Filter>Header Files\EditListCtrl</Filter>
    </ClInclude>
    <ClInclude Include="..\..\Include\MFCUtil\EditListBooleanEditor.h">
      <Filter>Header Files\EditListCtrl</Filter>
    </ClInclude>
    <ClInclude Include="..\..\Include\MFCUtil\ListCtrlChildTrait.h">
      <Filter>Header Files\EditListCtrl</Filter>
    </ClInclude>
    <ClInclude Include="..\..\Include\MFCUtil\PropertyDialogThread.h">
      <Filter>Header Files</Filter>
    </ClInclude>
    <ClInclude Include="..\..\Include\MFCUtil\PixRectDevice.h">
      <Filter>Header Files</Filter>
    </ClInclude>
    <ClInclude Include="..\..\Include\MFCUtil\D3Error.h">
      <Filter>Header Files</Filter>
    </ClInclude>
    <ClInclude Include="..\..\Include\MFCUtil\PixRectType.h">
      <Filter>Header Files</Filter>
    </ClInclude>
    <ClInclude Include="..\..\Include\MFCUtil\VideoHeader.h">
      <Filter>Header Files</Filter>
    </ClInclude>
    <ClInclude Include="..\..\Include\MFCUtil\DirectXDeviceFactory.h">
      <Filter>Header Files</Filter>
    </ClInclude>
    <ClInclude Include="ProgressDlg.h">
      <Filter>Source Files</Filter>
    </ClInclude>
    <ClInclude Include="..\..\Include\MFCUtil\InteractiveRunnableWrapper.h">
      <Filter>Header Files</Filter>
    </ClInclude>
  </ItemGroup>
  <ItemGroup>
    <Natvis Include="NatvisFile.natvis" />
  </ItemGroup>
  <ItemGroup>
    <Image Include="res\FolderImages.bmp">
      <Filter>Resource Files</Filter>
    </Image>
    <Image Include="res\DeleteButton.bmp">
      <Filter>Resource Files</Filter>
    </Image>
    <Image Include="res\DeleteButtonD.bmp">
      <Filter>Resource Files</Filter>
    </Image>
    <Image Include="res\DeleteButtonI.bmp">
      <Filter>Resource Files</Filter>
    </Image>
  </ItemGroup>
  <ItemGroup>
    <ResourceCompile Include="..\..\Include\MFCUtil\MFCUtil.rc">
      <Filter>Resource Files</Filter>
    </ResourceCompile>
  </ItemGroup>
</Project>